// !$*UTF8*$!
{
	archiveVersion = 1;
	classes = {
	};
	objectVersion = 46;
	objects = {

/* Begin PBXBuildFile section */
		2F1032E2689F7DE5D1E30420 /* libPods-RLandAppTests.a in Frameworks */ = {isa = PBXBuildFile; fileRef = 304BC2C6D4EAEE8149C5A5FD /* libPods-RLandAppTests.a */; };
		439C24601D75DDAE00440456 /* Contacts.framework in Frameworks */ = {isa = PBXBuildFile; fileRef = 439C245E1D75DDAE00440456 /* Contacts.framework */; };
		439C24611D75DDAE00440456 /* ContactsUI.framework in Frameworks */ = {isa = PBXBuildFile; fileRef = 439C245F1D75DDAE00440456 /* ContactsUI.framework */; };
		C20D61A01C21BEE500F52991 /* main.m in Sources */ = {isa = PBXBuildFile; fileRef = C20D619F1C21BEE500F52991 /* main.m */; };
		C20D61A31C21BEE500F52991 /* AppDelegate.m in Sources */ = {isa = PBXBuildFile; fileRef = C20D61A21C21BEE500F52991 /* AppDelegate.m */; };
		C20D61A91C21BEE500F52991 /* Main.storyboard in Resources */ = {isa = PBXBuildFile; fileRef = C20D61A71C21BEE500F52991 /* Main.storyboard */; };
		C20D61AC1C21BEE500F52991 /* RLandApp.xcdatamodeld in Sources */ = {isa = PBXBuildFile; fileRef = C20D61AA1C21BEE500F52991 /* RLandApp.xcdatamodeld */; };
		C20D61AE1C21BEE500F52991 /* Assets.xcassets in Resources */ = {isa = PBXBuildFile; fileRef = C20D61AD1C21BEE500F52991 /* Assets.xcassets */; };
		C20D61B11C21BEE500F52991 /* LaunchScreen.storyboard in Resources */ = {isa = PBXBuildFile; fileRef = C20D61AF1C21BEE500F52991 /* LaunchScreen.storyboard */; };
		C20D61BC1C21BEE500F52991 /* RLandAppTests.m in Sources */ = {isa = PBXBuildFile; fileRef = C20D61BB1C21BEE500F52991 /* RLandAppTests.m */; };
		C20D61C71C21BEE600F52991 /* RLandAppUITests.m in Sources */ = {isa = PBXBuildFile; fileRef = C20D61C61C21BEE600F52991 /* RLandAppUITests.m */; };
		C20D61E01C21C11300F52991 /* UIKit.framework in Frameworks */ = {isa = PBXBuildFile; fileRef = C20D61DF1C21C11300F52991 /* UIKit.framework */; };
		C27625AE1D8BABC200D01AAB /* Bolts.framework in Frameworks */ = {isa = PBXBuildFile; fileRef = C27625AA1D8BABC200D01AAB /* Bolts.framework */; };
		C27625AF1D8BABC200D01AAB /* FBSDKCoreKit.framework in Frameworks */ = {isa = PBXBuildFile; fileRef = C27625AB1D8BABC200D01AAB /* FBSDKCoreKit.framework */; };
		C27625B01D8BABC200D01AAB /* FBSDKLoginKit.framework in Frameworks */ = {isa = PBXBuildFile; fileRef = C27625AC1D8BABC200D01AAB /* FBSDKLoginKit.framework */; };
		C27625B11D8BABC200D01AAB /* FBSDKShareKit.framework in Frameworks */ = {isa = PBXBuildFile; fileRef = C27625AD1D8BABC200D01AAB /* FBSDKShareKit.framework */; };
		C27625BA1D8BAC7500D01AAB /* GoogleMapDirectionService.m in Sources */ = {isa = PBXBuildFile; fileRef = C27625B41D8BAC7500D01AAB /* GoogleMapDirectionService.m */; };
		C27625BB1D8BAC7500D01AAB /* IITRLocationsInfo.json in Resources */ = {isa = PBXBuildFile; fileRef = C27625B51D8BAC7500D01AAB /* IITRLocationsInfo.json */; };
		C27625BC1D8BAC7500D01AAB /* ListOfPlacesTableViewController.m in Sources */ = {isa = PBXBuildFile; fileRef = C27625B71D8BAC7500D01AAB /* ListOfPlacesTableViewController.m */; };
		C27625BD1D8BAC7500D01AAB /* MapsViewController.m in Sources */ = {isa = PBXBuildFile; fileRef = C27625B91D8BAC7500D01AAB /* MapsViewController.m */; };
		C27625CB1D8BAD5100D01AAB /* PageContentViewController.m in Sources */ = {isa = PBXBuildFile; fileRef = C27625C21D8BAD5100D01AAB /* PageContentViewController.m */; };
		C27625CC1D8BAD5100D01AAB /* ShowPageViewController.m in Sources */ = {isa = PBXBuildFile; fileRef = C27625C41D8BAD5100D01AAB /* ShowPageViewController.m */; };
		C27625CD1D8BAD5100D01AAB /* page1.png in Resources */ = {isa = PBXBuildFile; fileRef = C27625C61D8BAD5100D01AAB /* page1.png */; };
		C27625CE1D8BAD5100D01AAB /* page2.png in Resources */ = {isa = PBXBuildFile; fileRef = C27625C71D8BAD5100D01AAB /* page2.png */; };
		C27625CF1D8BAD5100D01AAB /* page3.png in Resources */ = {isa = PBXBuildFile; fileRef = C27625C81D8BAD5100D01AAB /* page3.png */; };
		C27625D01D8BAD5100D01AAB /* page4.png in Resources */ = {isa = PBXBuildFile; fileRef = C27625C91D8BAD5100D01AAB /* page4.png */; };
		C27625DA1D8BADCA00D01AAB /* animal-element-7.png in Resources */ = {isa = PBXBuildFile; fileRef = C27625D31D8BADCA00D01AAB /* animal-element-7.png */; };
		C27625DB1D8BADCA00D01AAB /* bell-7.png in Resources */ = {isa = PBXBuildFile; fileRef = C27625D41D8BADCA00D01AAB /* bell-7.png */; };
		C27625DC1D8BADCA00D01AAB /* calendar-7.png in Resources */ = {isa = PBXBuildFile; fileRef = C27625D51D8BADCA00D01AAB /* calendar-7.png */; };
		C27625DD1D8BADCA00D01AAB /* compass-point-7.png in Resources */ = {isa = PBXBuildFile; fileRef = C27625D61D8BADCA00D01AAB /* compass-point-7.png */; };
		C27625DE1D8BADCA00D01AAB /* house-7.png in Resources */ = {isa = PBXBuildFile; fileRef = C27625D71D8BADCA00D01AAB /* house-7.png */; };
		C27625DF1D8BADCA00D01AAB /* theTabBarViewController.m in Sources */ = {isa = PBXBuildFile; fileRef = C27625D91D8BADCA00D01AAB /* theTabBarViewController.m */; };
		C27625EF1D8BAEB300D01AAB /* checkmark.png in Resources */ = {isa = PBXBuildFile; fileRef = C27625E11D8BAEB300D01AAB /* checkmark.png */; };
		C27625F01D8BAEB300D01AAB /* ChooseFbPageViewController.m in Sources */ = {isa = PBXBuildFile; fileRef = C27625E31D8BAEB300D01AAB /* ChooseFbPageViewController.m */; };
		C27625F11D8BAEB300D01AAB /* DetailFbPostViewController.m in Sources */ = {isa = PBXBuildFile; fileRef = C27625E51D8BAEB300D01AAB /* DetailFbPostViewController.m */; };
		C27625F21D8BAEB300D01AAB /* FBCustomNoPicTableViewCell.m in Sources */ = {isa = PBXBuildFile; fileRef = C27625E81D8BAEB300D01AAB /* FBCustomNoPicTableViewCell.m */; };
		C27625F31D8BAEB300D01AAB /* FBCustomNoPicTableViewCell.xib in Resources */ = {isa = PBXBuildFile; fileRef = C27625E91D8BAEB300D01AAB /* FBCustomNoPicTableViewCell.xib */; };
		C27625F41D8BAEB300D01AAB /* FBCustomWithPicTableViewCell.m in Sources */ = {isa = PBXBuildFile; fileRef = C27625EB1D8BAEB300D01AAB /* FBCustomWithPicTableViewCell.m */; };
		C27625F51D8BAEB300D01AAB /* FBCustomWithPicTableViewCell.xib in Resources */ = {isa = PBXBuildFile; fileRef = C27625EC1D8BAEB300D01AAB /* FBCustomWithPicTableViewCell.xib */; };
		C27625F61D8BAEB300D01AAB /* ListOfFbPostsViewController.m in Sources */ = {isa = PBXBuildFile; fileRef = C27625EE1D8BAEB300D01AAB /* ListOfFbPostsViewController.m */; };
		C27626061D8BAF2A00D01AAB /* 180.png in Resources */ = {isa = PBXBuildFile; fileRef = C27625F81D8BAF2A00D01AAB /* 180.png */; };
		C27626071D8BAF2A00D01AAB /* ContactInfoTableViewCell.swift in Sources */ = {isa = PBXBuildFile; fileRef = C27625F91D8BAF2A00D01AAB /* ContactInfoTableViewCell.swift */; };
		C27626081D8BAF2A00D01AAB /* ContactInfoTableViewController.swift in Sources */ = {isa = PBXBuildFile; fileRef = C27625FA1D8BAF2A00D01AAB /* ContactInfoTableViewController.swift */; };
		C27626091D8BAF2A00D01AAB /* ContactInfoThumbnail.png in Resources */ = {isa = PBXBuildFile; fileRef = C27625FB1D8BAF2A00D01AAB /* ContactInfoThumbnail.png */; };
		C276260A1D8BAF2A00D01AAB /* ContactInfoViewController.swift in Sources */ = {isa = PBXBuildFile; fileRef = C27625FC1D8BAF2A00D01AAB /* ContactInfoViewController.swift */; };
		C276260B1D8BAF2A00D01AAB /* DepartmentCell.swift in Sources */ = {isa = PBXBuildFile; fileRef = C27625FD1D8BAF2A00D01AAB /* DepartmentCell.swift */; };
		C276260C1D8BAF2A00D01AAB /* DepartmentProfTableViewControllerTableViewController.swift in Sources */ = {isa = PBXBuildFile; fileRef = C27625FE1D8BAF2A00D01AAB /* DepartmentProfTableViewControllerTableViewController.swift */; };
		C276260D1D8BAF2A00D01AAB /* DepartmentsTableViewController.swift in Sources */ = {isa = PBXBuildFile; fileRef = C27625FF1D8BAF2A00D01AAB /* DepartmentsTableViewController.swift */; };
		C276260E1D8BAF2A00D01AAB /* DepartmentTableViewCell.swift in Sources */ = {isa = PBXBuildFile; fileRef = C27626001D8BAF2A00D01AAB /* DepartmentTableViewCell.swift */; };
		C276260F1D8BAF2A00D01AAB /* Prof icon.png in Resources */ = {isa = PBXBuildFile; fileRef = C27626011D8BAF2A00D01AAB /* Prof icon.png */; };
		C27626101D8BAF2A00D01AAB /* ProfContactCell.swift in Sources */ = {isa = PBXBuildFile; fileRef = C27626021D8BAF2A00D01AAB /* ProfContactCell.swift */; };
		C27626111D8BAF2A00D01AAB /* ProfContactTableViewCell.swift in Sources */ = {isa = PBXBuildFile; fileRef = C27626031D8BAF2A00D01AAB /* ProfContactTableViewCell.swift */; };
		C27626121D8BAF2A00D01AAB /* ProfessorContactatIItR.json in Resources */ = {isa = PBXBuildFile; fileRef = C27626041D8BAF2A00D01AAB /* ProfessorContactatIItR.json */; };
		C27626201D8BAF7900D01AAB /* CalendarsViewController.m in Sources */ = {isa = PBXBuildFile; fileRef = C27626151D8BAF7900D01AAB /* CalendarsViewController.m */; };
		C27626211D8BAF7900D01AAB /* CreateAlertViewController.m in Sources */ = {isa = PBXBuildFile; fileRef = C27626171D8BAF7900D01AAB /* CreateAlertViewController.m */; };
		C27626221D8BAF7900D01AAB /* DatePickerViewController.m in Sources */ = {isa = PBXBuildFile; fileRef = C27626191D8BAF7900D01AAB /* DatePickerViewController.m */; };
		C27626231D8BAF7900D01AAB /* EditEventViewController.m in Sources */ = {isa = PBXBuildFile; fileRef = C276261B1D8BAF7900D01AAB /* EditEventViewController.m */; };
		C27626241D8BAF7900D01AAB /* EventManager.m in Sources */ = {isa = PBXBuildFile; fileRef = C276261D1D8BAF7900D01AAB /* EventManager.m */; };
		C27626251D8BAF7900D01AAB /* EventsForACalendarViewController.m in Sources */ = {isa = PBXBuildFile; fileRef = C276261F1D8BAF7900D01AAB /* EventsForACalendarViewController.m */; };
		C2939B241D93A69300E0D903 /* FBLoginViewController.m in Sources */ = {isa = PBXBuildFile; fileRef = C2939B231D93A69300E0D903 /* FBLoginViewController.m */; };
		C2AD0E001C62B85900B77294 /* MessageUI.framework in Frameworks */ = {isa = PBXBuildFile; fileRef = C2AD0DFF1C62B85900B77294 /* MessageUI.framework */; };
		D3A1BAAA9C16F886A5CAB0DD /* libPods-RLandApp.a in Frameworks */ = {isa = PBXBuildFile; fileRef = 2F0899A648476F571C8CDB19 /* libPods-RLandApp.a */; };
		FE5EAA6DC50ED13A0170A699 /* libPods-RLandAppUITests.a in Frameworks */ = {isa = PBXBuildFile; fileRef = 56A0D9446344F3541E8A3538 /* libPods-RLandAppUITests.a */; };
/* End PBXBuildFile section */

/* Begin PBXContainerItemProxy section */
		C20D61B81C21BEE500F52991 /* PBXContainerItemProxy */ = {
			isa = PBXContainerItemProxy;
			containerPortal = C20D61931C21BEE500F52991 /* Project object */;
			proxyType = 1;
			remoteGlobalIDString = C20D619A1C21BEE500F52991;
			remoteInfo = RLandApp;
		};
		C20D61C31C21BEE600F52991 /* PBXContainerItemProxy */ = {
			isa = PBXContainerItemProxy;
			containerPortal = C20D61931C21BEE500F52991 /* Project object */;
			proxyType = 1;
			remoteGlobalIDString = C20D619A1C21BEE500F52991;
			remoteInfo = RLandApp;
		};
/* End PBXContainerItemProxy section */

/* Begin PBXFileReference section */
		02FEB6295DF954A4B7149115 /* Pods-RLandAppTests.debug.xcconfig */ = {isa = PBXFileReference; includeInIndex = 1; lastKnownFileType = text.xcconfig; name = "Pods-RLandAppTests.debug.xcconfig"; path = "Pods/Target Support Files/Pods-RLandAppTests/Pods-RLandAppTests.debug.xcconfig"; sourceTree = "<group>"; };
		28B0D65CDFC7FCFD2273E7E1 /* Pods-RLandAppTests.release.xcconfig */ = {isa = PBXFileReference; includeInIndex = 1; lastKnownFileType = text.xcconfig; name = "Pods-RLandAppTests.release.xcconfig"; path = "Pods/Target Support Files/Pods-RLandAppTests/Pods-RLandAppTests.release.xcconfig"; sourceTree = "<group>"; };
		2F0899A648476F571C8CDB19 /* libPods-RLandApp.a */ = {isa = PBXFileReference; explicitFileType = archive.ar; includeInIndex = 0; path = "libPods-RLandApp.a"; sourceTree = BUILT_PRODUCTS_DIR; };
		304BC2C6D4EAEE8149C5A5FD /* libPods-RLandAppTests.a */ = {isa = PBXFileReference; explicitFileType = archive.ar; includeInIndex = 0; path = "libPods-RLandAppTests.a"; sourceTree = BUILT_PRODUCTS_DIR; };
		3BEB460B5A5250F28F76995E /* Pods-RLandApp.release.xcconfig */ = {isa = PBXFileReference; includeInIndex = 1; lastKnownFileType = text.xcconfig; name = "Pods-RLandApp.release.xcconfig"; path = "Pods/Target Support Files/Pods-RLandApp/Pods-RLandApp.release.xcconfig"; sourceTree = "<group>"; };
		4315CAD031AB6B40C39ACA8C /* Pods-RLandAppTests.release.xcconfig */ = {isa = PBXFileReference; includeInIndex = 1; lastKnownFileType = text.xcconfig; name = "Pods-RLandAppTests.release.xcconfig"; path = "Pods/Target Support Files/Pods-RLandAppTests/Pods-RLandAppTests.release.xcconfig"; sourceTree = "<group>"; };
		439C245E1D75DDAE00440456 /* Contacts.framework */ = {isa = PBXFileReference; lastKnownFileType = wrapper.framework; name = Contacts.framework; path = System/Library/Frameworks/Contacts.framework; sourceTree = SDKROOT; };
		439C245F1D75DDAE00440456 /* ContactsUI.framework */ = {isa = PBXFileReference; lastKnownFileType = wrapper.framework; name = ContactsUI.framework; path = System/Library/Frameworks/ContactsUI.framework; sourceTree = SDKROOT; };
		56A0D9446344F3541E8A3538 /* libPods-RLandAppUITests.a */ = {isa = PBXFileReference; explicitFileType = archive.ar; includeInIndex = 0; path = "libPods-RLandAppUITests.a"; sourceTree = BUILT_PRODUCTS_DIR; };
		7B7E6784301ABB94F700CF7C /* Pods-RLandApp.debug.xcconfig */ = {isa = PBXFileReference; includeInIndex = 1; lastKnownFileType = text.xcconfig; name = "Pods-RLandApp.debug.xcconfig"; path = "Pods/Target Support Files/Pods-RLandApp/Pods-RLandApp.debug.xcconfig"; sourceTree = "<group>"; };
		A2CF13B8724938C0C1314A5C /* Pods-RLandAppUITests.debug.xcconfig */ = {isa = PBXFileReference; includeInIndex = 1; lastKnownFileType = text.xcconfig; name = "Pods-RLandAppUITests.debug.xcconfig"; path = "Pods/Target Support Files/Pods-RLandAppUITests/Pods-RLandAppUITests.debug.xcconfig"; sourceTree = "<group>"; };
		A5FAE15CEAC3EF377A74AA3D /* Pods-RLandAppUITests.release.xcconfig */ = {isa = PBXFileReference; includeInIndex = 1; lastKnownFileType = text.xcconfig; name = "Pods-RLandAppUITests.release.xcconfig"; path = "Pods/Target Support Files/Pods-RLandAppUITests/Pods-RLandAppUITests.release.xcconfig"; sourceTree = "<group>"; };
		AF57083D759E98148C610A80 /* Pods-RLandAppUITests.debug.xcconfig */ = {isa = PBXFileReference; includeInIndex = 1; lastKnownFileType = text.xcconfig; name = "Pods-RLandAppUITests.debug.xcconfig"; path = "Pods/Target Support Files/Pods-RLandAppUITests/Pods-RLandAppUITests.debug.xcconfig"; sourceTree = "<group>"; };
		C20D619B1C21BEE500F52991 /* RLandApp.app */ = {isa = PBXFileReference; explicitFileType = wrapper.application; includeInIndex = 0; path = RLandApp.app; sourceTree = BUILT_PRODUCTS_DIR; };
		C20D619F1C21BEE500F52991 /* main.m */ = {isa = PBXFileReference; lastKnownFileType = sourcecode.c.objc; path = main.m; sourceTree = "<group>"; };
		C20D61A11C21BEE500F52991 /* AppDelegate.h */ = {isa = PBXFileReference; lastKnownFileType = sourcecode.c.h; path = AppDelegate.h; sourceTree = "<group>"; };
		C20D61A21C21BEE500F52991 /* AppDelegate.m */ = {isa = PBXFileReference; lastKnownFileType = sourcecode.c.objc; path = AppDelegate.m; sourceTree = "<group>"; };
		C20D61A81C21BEE500F52991 /* Base */ = {isa = PBXFileReference; lastKnownFileType = file.storyboard; name = Base; path = Base.lproj/Main.storyboard; sourceTree = "<group>"; };
		C20D61AB1C21BEE500F52991 /* RLandApp.xcdatamodel */ = {isa = PBXFileReference; lastKnownFileType = wrapper.xcdatamodel; path = RLandApp.xcdatamodel; sourceTree = "<group>"; };
		C20D61AD1C21BEE500F52991 /* Assets.xcassets */ = {isa = PBXFileReference; lastKnownFileType = folder.assetcatalog; name = Assets.xcassets; path = RLandApp/Assets.xcassets; sourceTree = "<group>"; };
		C20D61B01C21BEE500F52991 /* Base */ = {isa = PBXFileReference; lastKnownFileType = file.storyboard; name = Base; path = Base.lproj/LaunchScreen.storyboard; sourceTree = "<group>"; };
		C20D61B21C21BEE500F52991 /* Info.plist */ = {isa = PBXFileReference; lastKnownFileType = text.plist.xml; name = Info.plist; path = RLandApp/Info.plist; sourceTree = "<group>"; };
		C20D61B71C21BEE500F52991 /* RLandAppTests.xctest */ = {isa = PBXFileReference; explicitFileType = wrapper.cfbundle; includeInIndex = 0; path = RLandAppTests.xctest; sourceTree = BUILT_PRODUCTS_DIR; };
		C20D61BB1C21BEE500F52991 /* RLandAppTests.m */ = {isa = PBXFileReference; lastKnownFileType = sourcecode.c.objc; path = RLandAppTests.m; sourceTree = "<group>"; };
		C20D61BD1C21BEE500F52991 /* Info.plist */ = {isa = PBXFileReference; lastKnownFileType = text.plist.xml; path = Info.plist; sourceTree = "<group>"; };
		C20D61C21C21BEE600F52991 /* RLandAppUITests.xctest */ = {isa = PBXFileReference; explicitFileType = wrapper.cfbundle; includeInIndex = 0; path = RLandAppUITests.xctest; sourceTree = BUILT_PRODUCTS_DIR; };
		C20D61C61C21BEE600F52991 /* RLandAppUITests.m */ = {isa = PBXFileReference; lastKnownFileType = sourcecode.c.objc; path = RLandAppUITests.m; sourceTree = "<group>"; };
		C20D61C81C21BEE600F52991 /* Info.plist */ = {isa = PBXFileReference; lastKnownFileType = text.plist.xml; path = Info.plist; sourceTree = "<group>"; };
		C20D61DF1C21C11300F52991 /* UIKit.framework */ = {isa = PBXFileReference; lastKnownFileType = wrapper.framework; name = UIKit.framework; path = System/Library/Frameworks/UIKit.framework; sourceTree = SDKROOT; };
		C27625AA1D8BABC200D01AAB /* Bolts.framework */ = {isa = PBXFileReference; lastKnownFileType = wrapper.framework; path = Bolts.framework; sourceTree = "<group>"; };
		C27625AB1D8BABC200D01AAB /* FBSDKCoreKit.framework */ = {isa = PBXFileReference; lastKnownFileType = wrapper.framework; path = FBSDKCoreKit.framework; sourceTree = "<group>"; };
		C27625AC1D8BABC200D01AAB /* FBSDKLoginKit.framework */ = {isa = PBXFileReference; lastKnownFileType = wrapper.framework; path = FBSDKLoginKit.framework; sourceTree = "<group>"; };
		C27625AD1D8BABC200D01AAB /* FBSDKShareKit.framework */ = {isa = PBXFileReference; lastKnownFileType = wrapper.framework; path = FBSDKShareKit.framework; sourceTree = "<group>"; };
		C27625B31D8BAC7500D01AAB /* GoogleMapDirectionService.h */ = {isa = PBXFileReference; fileEncoding = 4; lastKnownFileType = sourcecode.c.h; path = GoogleMapDirectionService.h; sourceTree = "<group>"; };
		C27625B41D8BAC7500D01AAB /* GoogleMapDirectionService.m */ = {isa = PBXFileReference; fileEncoding = 4; lastKnownFileType = sourcecode.c.objc; path = GoogleMapDirectionService.m; sourceTree = "<group>"; };
		C27625B51D8BAC7500D01AAB /* IITRLocationsInfo.json */ = {isa = PBXFileReference; fileEncoding = 4; lastKnownFileType = text.json; path = IITRLocationsInfo.json; sourceTree = "<group>"; };
		C27625B61D8BAC7500D01AAB /* ListOfPlacesTableViewController.h */ = {isa = PBXFileReference; fileEncoding = 4; lastKnownFileType = sourcecode.c.h; path = ListOfPlacesTableViewController.h; sourceTree = "<group>"; };
		C27625B71D8BAC7500D01AAB /* ListOfPlacesTableViewController.m */ = {isa = PBXFileReference; fileEncoding = 4; lastKnownFileType = sourcecode.c.objc; path = ListOfPlacesTableViewController.m; sourceTree = "<group>"; };
		C27625B81D8BAC7500D01AAB /* MapsViewController.h */ = {isa = PBXFileReference; fileEncoding = 4; lastKnownFileType = sourcecode.c.h; path = MapsViewController.h; sourceTree = "<group>"; };
		C27625B91D8BAC7500D01AAB /* MapsViewController.m */ = {isa = PBXFileReference; fileEncoding = 4; lastKnownFileType = sourcecode.c.objc; path = MapsViewController.m; sourceTree = "<group>"; };
		C27625C11D8BAD5100D01AAB /* PageContentViewController.h */ = {isa = PBXFileReference; fileEncoding = 4; lastKnownFileType = sourcecode.c.h; path = PageContentViewController.h; sourceTree = "<group>"; };
		C27625C21D8BAD5100D01AAB /* PageContentViewController.m */ = {isa = PBXFileReference; fileEncoding = 4; lastKnownFileType = sourcecode.c.objc; path = PageContentViewController.m; sourceTree = "<group>"; };
		C27625C31D8BAD5100D01AAB /* ShowPageViewController.h */ = {isa = PBXFileReference; fileEncoding = 4; lastKnownFileType = sourcecode.c.h; path = ShowPageViewController.h; sourceTree = "<group>"; };
		C27625C41D8BAD5100D01AAB /* ShowPageViewController.m */ = {isa = PBXFileReference; fileEncoding = 4; lastKnownFileType = sourcecode.c.objc; path = ShowPageViewController.m; sourceTree = "<group>"; };
		C27625C61D8BAD5100D01AAB /* page1.png */ = {isa = PBXFileReference; lastKnownFileType = image.png; path = page1.png; sourceTree = "<group>"; };
		C27625C71D8BAD5100D01AAB /* page2.png */ = {isa = PBXFileReference; lastKnownFileType = image.png; path = page2.png; sourceTree = "<group>"; };
		C27625C81D8BAD5100D01AAB /* page3.png */ = {isa = PBXFileReference; lastKnownFileType = image.png; path = page3.png; sourceTree = "<group>"; };
		C27625C91D8BAD5100D01AAB /* page4.png */ = {isa = PBXFileReference; lastKnownFileType = image.png; path = page4.png; sourceTree = "<group>"; };
		C27625D31D8BADCA00D01AAB /* animal-element-7.png */ = {isa = PBXFileReference; lastKnownFileType = image.png; path = "animal-element-7.png"; sourceTree = "<group>"; };
		C27625D41D8BADCA00D01AAB /* bell-7.png */ = {isa = PBXFileReference; lastKnownFileType = image.png; path = "bell-7.png"; sourceTree = "<group>"; };
		C27625D51D8BADCA00D01AAB /* calendar-7.png */ = {isa = PBXFileReference; lastKnownFileType = image.png; path = "calendar-7.png"; sourceTree = "<group>"; };
		C27625D61D8BADCA00D01AAB /* compass-point-7.png */ = {isa = PBXFileReference; lastKnownFileType = image.png; path = "compass-point-7.png"; sourceTree = "<group>"; };
		C27625D71D8BADCA00D01AAB /* house-7.png */ = {isa = PBXFileReference; lastKnownFileType = image.png; path = "house-7.png"; sourceTree = "<group>"; };
		C27625D81D8BADCA00D01AAB /* theTabBarViewController.h */ = {isa = PBXFileReference; fileEncoding = 4; lastKnownFileType = sourcecode.c.h; path = theTabBarViewController.h; sourceTree = "<group>"; };
		C27625D91D8BADCA00D01AAB /* theTabBarViewController.m */ = {isa = PBXFileReference; fileEncoding = 4; lastKnownFileType = sourcecode.c.objc; path = theTabBarViewController.m; sourceTree = "<group>"; };
		C27625E11D8BAEB300D01AAB /* checkmark.png */ = {isa = PBXFileReference; lastKnownFileType = image.png; path = checkmark.png; sourceTree = "<group>"; };
		C27625E21D8BAEB300D01AAB /* ChooseFbPageViewController.h */ = {isa = PBXFileReference; fileEncoding = 4; lastKnownFileType = sourcecode.c.h; path = ChooseFbPageViewController.h; sourceTree = "<group>"; };
		C27625E31D8BAEB300D01AAB /* ChooseFbPageViewController.m */ = {isa = PBXFileReference; fileEncoding = 4; lastKnownFileType = sourcecode.c.objc; path = ChooseFbPageViewController.m; sourceTree = "<group>"; };
		C27625E41D8BAEB300D01AAB /* DetailFbPostViewController.h */ = {isa = PBXFileReference; fileEncoding = 4; lastKnownFileType = sourcecode.c.h; path = DetailFbPostViewController.h; sourceTree = "<group>"; };
		C27625E51D8BAEB300D01AAB /* DetailFbPostViewController.m */ = {isa = PBXFileReference; fileEncoding = 4; lastKnownFileType = sourcecode.c.objc; path = DetailFbPostViewController.m; sourceTree = "<group>"; };
		C27625E71D8BAEB300D01AAB /* FBCustomNoPicTableViewCell.h */ = {isa = PBXFileReference; fileEncoding = 4; lastKnownFileType = sourcecode.c.h; path = FBCustomNoPicTableViewCell.h; sourceTree = "<group>"; };
		C27625E81D8BAEB300D01AAB /* FBCustomNoPicTableViewCell.m */ = {isa = PBXFileReference; fileEncoding = 4; lastKnownFileType = sourcecode.c.objc; path = FBCustomNoPicTableViewCell.m; sourceTree = "<group>"; };
		C27625E91D8BAEB300D01AAB /* FBCustomNoPicTableViewCell.xib */ = {isa = PBXFileReference; fileEncoding = 4; lastKnownFileType = file.xib; path = FBCustomNoPicTableViewCell.xib; sourceTree = "<group>"; };
		C27625EA1D8BAEB300D01AAB /* FBCustomWithPicTableViewCell.h */ = {isa = PBXFileReference; fileEncoding = 4; lastKnownFileType = sourcecode.c.h; path = FBCustomWithPicTableViewCell.h; sourceTree = "<group>"; };
		C27625EB1D8BAEB300D01AAB /* FBCustomWithPicTableViewCell.m */ = {isa = PBXFileReference; fileEncoding = 4; lastKnownFileType = sourcecode.c.objc; path = FBCustomWithPicTableViewCell.m; sourceTree = "<group>"; };
		C27625EC1D8BAEB300D01AAB /* FBCustomWithPicTableViewCell.xib */ = {isa = PBXFileReference; fileEncoding = 4; lastKnownFileType = file.xib; path = FBCustomWithPicTableViewCell.xib; sourceTree = "<group>"; };
		C27625ED1D8BAEB300D01AAB /* ListOfFbPostsViewController.h */ = {isa = PBXFileReference; fileEncoding = 4; lastKnownFileType = sourcecode.c.h; path = ListOfFbPostsViewController.h; sourceTree = "<group>"; };
		C27625EE1D8BAEB300D01AAB /* ListOfFbPostsViewController.m */ = {isa = PBXFileReference; fileEncoding = 4; lastKnownFileType = sourcecode.c.objc; path = ListOfFbPostsViewController.m; sourceTree = "<group>"; };
		C27625F81D8BAF2A00D01AAB /* 180.png */ = {isa = PBXFileReference; lastKnownFileType = image.png; path = 180.png; sourceTree = "<group>"; };
		C27625F91D8BAF2A00D01AAB /* ContactInfoTableViewCell.swift */ = {isa = PBXFileReference; fileEncoding = 4; lastKnownFileType = sourcecode.swift; path = ContactInfoTableViewCell.swift; sourceTree = "<group>"; };
		C27625FA1D8BAF2A00D01AAB /* ContactInfoTableViewController.swift */ = {isa = PBXFileReference; fileEncoding = 4; lastKnownFileType = sourcecode.swift; path = ContactInfoTableViewController.swift; sourceTree = "<group>"; };
		C27625FB1D8BAF2A00D01AAB /* ContactInfoThumbnail.png */ = {isa = PBXFileReference; lastKnownFileType = image.png; path = ContactInfoThumbnail.png; sourceTree = "<group>"; };
		C27625FC1D8BAF2A00D01AAB /* ContactInfoViewController.swift */ = {isa = PBXFileReference; fileEncoding = 4; lastKnownFileType = sourcecode.swift; path = ContactInfoViewController.swift; sourceTree = "<group>"; };
		C27625FD1D8BAF2A00D01AAB /* DepartmentCell.swift */ = {isa = PBXFileReference; fileEncoding = 4; lastKnownFileType = sourcecode.swift; path = DepartmentCell.swift; sourceTree = "<group>"; };
		C27625FE1D8BAF2A00D01AAB /* DepartmentProfTableViewControllerTableViewController.swift */ = {isa = PBXFileReference; fileEncoding = 4; lastKnownFileType = sourcecode.swift; path = DepartmentProfTableViewControllerTableViewController.swift; sourceTree = "<group>"; };
		C27625FF1D8BAF2A00D01AAB /* DepartmentsTableViewController.swift */ = {isa = PBXFileReference; fileEncoding = 4; lastKnownFileType = sourcecode.swift; path = DepartmentsTableViewController.swift; sourceTree = "<group>"; };
		C27626001D8BAF2A00D01AAB /* DepartmentTableViewCell.swift */ = {isa = PBXFileReference; fileEncoding = 4; lastKnownFileType = sourcecode.swift; path = DepartmentTableViewCell.swift; sourceTree = "<group>"; };
		C27626011D8BAF2A00D01AAB /* Prof icon.png */ = {isa = PBXFileReference; lastKnownFileType = image.png; path = "Prof icon.png"; sourceTree = "<group>"; };
		C27626021D8BAF2A00D01AAB /* ProfContactCell.swift */ = {isa = PBXFileReference; fileEncoding = 4; lastKnownFileType = sourcecode.swift; path = ProfContactCell.swift; sourceTree = "<group>"; };
		C27626031D8BAF2A00D01AAB /* ProfContactTableViewCell.swift */ = {isa = PBXFileReference; fileEncoding = 4; lastKnownFileType = sourcecode.swift; path = ProfContactTableViewCell.swift; sourceTree = "<group>"; };
		C27626041D8BAF2A00D01AAB /* ProfessorContactatIItR.json */ = {isa = PBXFileReference; fileEncoding = 4; lastKnownFileType = text.json; path = ProfessorContactatIItR.json; sourceTree = "<group>"; };
		C27626051D8BAF2A00D01AAB /* RLandApp-Bridging-Header.h */ = {isa = PBXFileReference; fileEncoding = 4; lastKnownFileType = sourcecode.c.h; path = "RLandApp-Bridging-Header.h"; sourceTree = "<group>"; };
		C27626141D8BAF7900D01AAB /* CalendarsViewController.h */ = {isa = PBXFileReference; fileEncoding = 4; lastKnownFileType = sourcecode.c.h; path = CalendarsViewController.h; sourceTree = "<group>"; };
		C27626151D8BAF7900D01AAB /* CalendarsViewController.m */ = {isa = PBXFileReference; fileEncoding = 4; lastKnownFileType = sourcecode.c.objc; path = CalendarsViewController.m; sourceTree = "<group>"; };
		C27626161D8BAF7900D01AAB /* CreateAlertViewController.h */ = {isa = PBXFileReference; fileEncoding = 4; lastKnownFileType = sourcecode.c.h; path = CreateAlertViewController.h; sourceTree = "<group>"; };
		C27626171D8BAF7900D01AAB /* CreateAlertViewController.m */ = {isa = PBXFileReference; fileEncoding = 4; lastKnownFileType = sourcecode.c.objc; path = CreateAlertViewController.m; sourceTree = "<group>"; };
		C27626181D8BAF7900D01AAB /* DatePickerViewController.h */ = {isa = PBXFileReference; fileEncoding = 4; lastKnownFileType = sourcecode.c.h; path = DatePickerViewController.h; sourceTree = "<group>"; };
		C27626191D8BAF7900D01AAB /* DatePickerViewController.m */ = {isa = PBXFileReference; fileEncoding = 4; lastKnownFileType = sourcecode.c.objc; path = DatePickerViewController.m; sourceTree = "<group>"; };
		C276261A1D8BAF7900D01AAB /* EditEventViewController.h */ = {isa = PBXFileReference; fileEncoding = 4; lastKnownFileType = sourcecode.c.h; path = EditEventViewController.h; sourceTree = "<group>"; };
		C276261B1D8BAF7900D01AAB /* EditEventViewController.m */ = {isa = PBXFileReference; fileEncoding = 4; lastKnownFileType = sourcecode.c.objc; path = EditEventViewController.m; sourceTree = "<group>"; };
		C276261C1D8BAF7900D01AAB /* EventManager.h */ = {isa = PBXFileReference; fileEncoding = 4; lastKnownFileType = sourcecode.c.h; path = EventManager.h; sourceTree = "<group>"; };
		C276261D1D8BAF7900D01AAB /* EventManager.m */ = {isa = PBXFileReference; fileEncoding = 4; lastKnownFileType = sourcecode.c.objc; path = EventManager.m; sourceTree = "<group>"; };
		C276261E1D8BAF7900D01AAB /* EventsForACalendarViewController.h */ = {isa = PBXFileReference; fileEncoding = 4; lastKnownFileType = sourcecode.c.h; path = EventsForACalendarViewController.h; sourceTree = "<group>"; };
		C276261F1D8BAF7900D01AAB /* EventsForACalendarViewController.m */ = {isa = PBXFileReference; fileEncoding = 4; lastKnownFileType = sourcecode.c.objc; path = EventsForACalendarViewController.m; sourceTree = "<group>"; };
		C276262A1D8BB56A00D01AAB /* RLandApp-Bridging-Header.h */ = {isa = PBXFileReference; lastKnownFileType = sourcecode.c.h; path = "RLandApp-Bridging-Header.h"; sourceTree = "<group>"; };
		C2939B221D93A69300E0D903 /* FBLoginViewController.h */ = {isa = PBXFileReference; fileEncoding = 4; lastKnownFileType = sourcecode.c.h; path = FBLoginViewController.h; sourceTree = "<group>"; };
		C2939B231D93A69300E0D903 /* FBLoginViewController.m */ = {isa = PBXFileReference; fileEncoding = 4; lastKnownFileType = sourcecode.c.objc; path = FBLoginViewController.m; sourceTree = "<group>"; };
		C2AD0DFF1C62B85900B77294 /* MessageUI.framework */ = {isa = PBXFileReference; lastKnownFileType = wrapper.framework; name = MessageUI.framework; path = System/Library/Frameworks/MessageUI.framework; sourceTree = SDKROOT; };
		D04D52161C6EFEEA46B10004 /* Pods-RLandApp.debug.xcconfig */ = {isa = PBXFileReference; includeInIndex = 1; lastKnownFileType = text.xcconfig; name = "Pods-RLandApp.debug.xcconfig"; path = "Pods/Target Support Files/Pods-RLandApp/Pods-RLandApp.debug.xcconfig"; sourceTree = "<group>"; };
		E0CF91F2798AE9BEC8D870DB /* Pods-RLandAppTests.debug.xcconfig */ = {isa = PBXFileReference; includeInIndex = 1; lastKnownFileType = text.xcconfig; name = "Pods-RLandAppTests.debug.xcconfig"; path = "Pods/Target Support Files/Pods-RLandAppTests/Pods-RLandAppTests.debug.xcconfig"; sourceTree = "<group>"; };
		E8C5DD7B9A38BF4D41B61AD5 /* Pods-RLandApp.release.xcconfig */ = {isa = PBXFileReference; includeInIndex = 1; lastKnownFileType = text.xcconfig; name = "Pods-RLandApp.release.xcconfig"; path = "Pods/Target Support Files/Pods-RLandApp/Pods-RLandApp.release.xcconfig"; sourceTree = "<group>"; };
		EAF87DF9AE30D6F2A5F0FCD7 /* Pods-RLandAppUITests.release.xcconfig */ = {isa = PBXFileReference; includeInIndex = 1; lastKnownFileType = text.xcconfig; name = "Pods-RLandAppUITests.release.xcconfig"; path = "Pods/Target Support Files/Pods-RLandAppUITests/Pods-RLandAppUITests.release.xcconfig"; sourceTree = "<group>"; };
/* End PBXFileReference section */

/* Begin PBXFrameworksBuildPhase section */
		C20D61981C21BEE500F52991 /* Frameworks */ = {
			isa = PBXFrameworksBuildPhase;
			buildActionMask = 2147483647;
			files = (
				439C24601D75DDAE00440456 /* Contacts.framework in Frameworks */,
				439C24611D75DDAE00440456 /* ContactsUI.framework in Frameworks */,
				C27625B01D8BABC200D01AAB /* FBSDKLoginKit.framework in Frameworks */,
				C2AD0E001C62B85900B77294 /* MessageUI.framework in Frameworks */,
				C27625B11D8BABC200D01AAB /* FBSDKShareKit.framework in Frameworks */,
				C27625AF1D8BABC200D01AAB /* FBSDKCoreKit.framework in Frameworks */,
				C20D61E01C21C11300F52991 /* UIKit.framework in Frameworks */,
				C27625AE1D8BABC200D01AAB /* Bolts.framework in Frameworks */,
				D3A1BAAA9C16F886A5CAB0DD /* libPods-RLandApp.a in Frameworks */,
			);
			runOnlyForDeploymentPostprocessing = 0;
		};
		C20D61B41C21BEE500F52991 /* Frameworks */ = {
			isa = PBXFrameworksBuildPhase;
			buildActionMask = 2147483647;
			files = (
				2F1032E2689F7DE5D1E30420 /* libPods-RLandAppTests.a in Frameworks */,
			);
			runOnlyForDeploymentPostprocessing = 0;
		};
		C20D61BF1C21BEE600F52991 /* Frameworks */ = {
			isa = PBXFrameworksBuildPhase;
			buildActionMask = 2147483647;
			files = (
				FE5EAA6DC50ED13A0170A699 /* libPods-RLandAppUITests.a in Frameworks */,
			);
			runOnlyForDeploymentPostprocessing = 0;
		};
/* End PBXFrameworksBuildPhase section */

/* Begin PBXGroup section */
		07A614EB2859BC9B8DF996BC /* Pods */ = {
			isa = PBXGroup;
			children = (
				D04D52161C6EFEEA46B10004 /* Pods-RLandApp.debug.xcconfig */,
				3BEB460B5A5250F28F76995E /* Pods-RLandApp.release.xcconfig */,
				E0CF91F2798AE9BEC8D870DB /* Pods-RLandAppTests.debug.xcconfig */,
				28B0D65CDFC7FCFD2273E7E1 /* Pods-RLandAppTests.release.xcconfig */,
				AF57083D759E98148C610A80 /* Pods-RLandAppUITests.debug.xcconfig */,
				A5FAE15CEAC3EF377A74AA3D /* Pods-RLandAppUITests.release.xcconfig */,
			);
			name = Pods;
			path = ..;
			sourceTree = "<group>";
		};
		C20D61921C21BEE400F52991 = {
			isa = PBXGroup;
			children = (
				C20D619D1C21BEE500F52991 /* RLandApp */,
				C20D61B21C21BEE500F52991 /* Info.plist */,
				C276262A1D8BB56A00D01AAB /* RLandApp-Bridging-Header.h */,
				C20D61AD1C21BEE500F52991 /* Assets.xcassets */,
				C27625A91D8BABC200D01AAB /* Frameworks */,
				2F0899A648476F571C8CDB19 /* libPods-RLandApp.a */,
				304BC2C6D4EAEE8149C5A5FD /* libPods-RLandAppTests.a */,
				56A0D9446344F3541E8A3538 /* libPods-RLandAppUITests.a */,
				C20D61DE1C21C0CC00F52991 /* Not Used Much */,
				F42E68FEB7EBC53C46202EFC /* Pods */,
			);
			sourceTree = "<group>";
		};
		C20D619C1C21BEE500F52991 /* Products */ = {
			isa = PBXGroup;
			children = (
				C20D619B1C21BEE500F52991 /* RLandApp.app */,
				C20D61B71C21BEE500F52991 /* RLandAppTests.xctest */,
				C20D61C21C21BEE600F52991 /* RLandAppUITests.xctest */,
			);
			name = Products;
			path = ..;
			sourceTree = "<group>";
		};
		C20D619D1C21BEE500F52991 /* RLandApp */ = {
			isa = PBXGroup;
			children = (
				C20D61A11C21BEE500F52991 /* AppDelegate.h */,
				C20D61A21C21BEE500F52991 /* AppDelegate.m */,
				C20D61A71C21BEE500F52991 /* Main.storyboard */,
				C27625D11D8BADCA00D01AAB /* Tabbar */,
				C27625BE1D8BAD5100D01AAB /* Walkthrough */,
				C27625B21D8BAC7500D01AAB /* Maps */,
				C27625E01D8BAEB300D01AAB /* Fb_Posts */,
				C27625F71D8BAF2A00D01AAB /* Contacts (Swift) */,
				C27626131D8BAF7900D01AAB /* Events_and_Reminders */,
			);
			path = RLandApp;
			sourceTree = "<group>";
		};
		C20D619E1C21BEE500F52991 /* Supporting Files */ = {
			isa = PBXGroup;
			children = (
				C20D619F1C21BEE500F52991 /* main.m */,
			);
			name = "Supporting Files";
			sourceTree = "<group>";
		};
		C20D61BA1C21BEE500F52991 /* RLandAppTests */ = {
			isa = PBXGroup;
			children = (
				C20D61BB1C21BEE500F52991 /* RLandAppTests.m */,
				C20D61BD1C21BEE500F52991 /* Info.plist */,
			);
			path = RLandAppTests;
			sourceTree = SOURCE_ROOT;
		};
		C20D61C51C21BEE600F52991 /* RLandAppUITests */ = {
			isa = PBXGroup;
			children = (
				C20D61C61C21BEE600F52991 /* RLandAppUITests.m */,
				C20D61C81C21BEE600F52991 /* Info.plist */,
			);
			path = RLandAppUITests;
			sourceTree = SOURCE_ROOT;
		};
		C20D61DE1C21C0CC00F52991 /* Not Used Much */ = {
			isa = PBXGroup;
			children = (
				C20D619E1C21BEE500F52991 /* Supporting Files */,
				C20D61BA1C21BEE500F52991 /* RLandAppTests */,
				C20D61C51C21BEE600F52991 /* RLandAppUITests */,
				C20D619C1C21BEE500F52991 /* Products */,
				07A614EB2859BC9B8DF996BC /* Pods */,
				C20D61AF1C21BEE500F52991 /* LaunchScreen.storyboard */,
				C20D61AA1C21BEE500F52991 /* RLandApp.xcdatamodeld */,
			);
			name = "Not Used Much";
			path = RLandApp;
			sourceTree = "<group>";
		};
		C27625A91D8BABC200D01AAB /* Frameworks */ = {
			isa = PBXGroup;
			children = (
				C27625AA1D8BABC200D01AAB /* Bolts.framework */,
				C27625AB1D8BABC200D01AAB /* FBSDKCoreKit.framework */,
				C27625AC1D8BABC200D01AAB /* FBSDKLoginKit.framework */,
				C27625AD1D8BABC200D01AAB /* FBSDKShareKit.framework */,
				439C245E1D75DDAE00440456 /* Contacts.framework */,
				439C245F1D75DDAE00440456 /* ContactsUI.framework */,
				C2AD0DFF1C62B85900B77294 /* MessageUI.framework */,
				C20D61DF1C21C11300F52991 /* UIKit.framework */,
			);
			name = Frameworks;
			path = RLandApp/Frameworks;
			sourceTree = "<group>";
		};
		C27625B21D8BAC7500D01AAB /* Maps */ = {
			isa = PBXGroup;
			children = (
				C27625B31D8BAC7500D01AAB /* GoogleMapDirectionService.h */,
				C27625B41D8BAC7500D01AAB /* GoogleMapDirectionService.m */,
				C27625B51D8BAC7500D01AAB /* IITRLocationsInfo.json */,
				C27625B61D8BAC7500D01AAB /* ListOfPlacesTableViewController.h */,
				C27625B71D8BAC7500D01AAB /* ListOfPlacesTableViewController.m */,
				C27625B81D8BAC7500D01AAB /* MapsViewController.h */,
				C27625B91D8BAC7500D01AAB /* MapsViewController.m */,
			);
			path = Maps;
			sourceTree = "<group>";
		};
		C27625BE1D8BAD5100D01AAB /* Walkthrough */ = {
			isa = PBXGroup;
			children = (
				C27625C11D8BAD5100D01AAB /* PageContentViewController.h */,
				C27625C21D8BAD5100D01AAB /* PageContentViewController.m */,
				C27625C31D8BAD5100D01AAB /* ShowPageViewController.h */,
				C27625C41D8BAD5100D01AAB /* ShowPageViewController.m */,
				C27625C51D8BAD5100D01AAB /* Walkthrough_Images */,
			);
			path = Walkthrough;
			sourceTree = "<group>";
		};
		C27625C51D8BAD5100D01AAB /* Walkthrough_Images */ = {
			isa = PBXGroup;
			children = (
				C27625C61D8BAD5100D01AAB /* page1.png */,
				C27625C71D8BAD5100D01AAB /* page2.png */,
				C27625C81D8BAD5100D01AAB /* page3.png */,
				C27625C91D8BAD5100D01AAB /* page4.png */,
			);
			path = Walkthrough_Images;
			sourceTree = "<group>";
		};
		C27625D11D8BADCA00D01AAB /* Tabbar */ = {
			isa = PBXGroup;
			children = (
				C27625D21D8BADCA00D01AAB /* Tabbar_Images */,
				C27625D81D8BADCA00D01AAB /* theTabBarViewController.h */,
				C27625D91D8BADCA00D01AAB /* theTabBarViewController.m */,
			);
			path = Tabbar;
			sourceTree = "<group>";
		};
		C27625D21D8BADCA00D01AAB /* Tabbar_Images */ = {
			isa = PBXGroup;
			children = (
				C27625D31D8BADCA00D01AAB /* animal-element-7.png */,
				C27625D41D8BADCA00D01AAB /* bell-7.png */,
				C27625D51D8BADCA00D01AAB /* calendar-7.png */,
				C27625D61D8BADCA00D01AAB /* compass-point-7.png */,
				C27625D71D8BADCA00D01AAB /* house-7.png */,
			);
			path = Tabbar_Images;
			sourceTree = "<group>";
		};
		C27625E01D8BAEB300D01AAB /* Fb_Posts */ = {
			isa = PBXGroup;
			children = (
				C2939B221D93A69300E0D903 /* FBLoginViewController.h */,
				C2939B231D93A69300E0D903 /* FBLoginViewController.m */,
				C27625E11D8BAEB300D01AAB /* checkmark.png */,
				C27625E21D8BAEB300D01AAB /* ChooseFbPageViewController.h */,
				C27625E31D8BAEB300D01AAB /* ChooseFbPageViewController.m */,
				C27625E41D8BAEB300D01AAB /* DetailFbPostViewController.h */,
				C27625E51D8BAEB300D01AAB /* DetailFbPostViewController.m */,
				C27625E61D8BAEB300D01AAB /* Fb_Cells */,
				C27625ED1D8BAEB300D01AAB /* ListOfFbPostsViewController.h */,
				C27625EE1D8BAEB300D01AAB /* ListOfFbPostsViewController.m */,
			);
			path = Fb_Posts;
			sourceTree = "<group>";
		};
		C27625E61D8BAEB300D01AAB /* Fb_Cells */ = {
			isa = PBXGroup;
			children = (
				C27625E71D8BAEB300D01AAB /* FBCustomNoPicTableViewCell.h */,
				C27625E81D8BAEB300D01AAB /* FBCustomNoPicTableViewCell.m */,
				C27625E91D8BAEB300D01AAB /* FBCustomNoPicTableViewCell.xib */,
				C27625EA1D8BAEB300D01AAB /* FBCustomWithPicTableViewCell.h */,
				C27625EB1D8BAEB300D01AAB /* FBCustomWithPicTableViewCell.m */,
				C27625EC1D8BAEB300D01AAB /* FBCustomWithPicTableViewCell.xib */,
			);
			path = Fb_Cells;
			sourceTree = "<group>";
		};
		C27625F71D8BAF2A00D01AAB /* Contacts (Swift) */ = {
			isa = PBXGroup;
			children = (
				C27625F81D8BAF2A00D01AAB /* 180.png */,
				C27625F91D8BAF2A00D01AAB /* ContactInfoTableViewCell.swift */,
				C27625FA1D8BAF2A00D01AAB /* ContactInfoTableViewController.swift */,
				C27625FB1D8BAF2A00D01AAB /* ContactInfoThumbnail.png */,
				C27625FC1D8BAF2A00D01AAB /* ContactInfoViewController.swift */,
				C27625FD1D8BAF2A00D01AAB /* DepartmentCell.swift */,
				C27625FE1D8BAF2A00D01AAB /* DepartmentProfTableViewControllerTableViewController.swift */,
				C27625FF1D8BAF2A00D01AAB /* DepartmentsTableViewController.swift */,
				C27626001D8BAF2A00D01AAB /* DepartmentTableViewCell.swift */,
				C27626011D8BAF2A00D01AAB /* Prof icon.png */,
				C27626021D8BAF2A00D01AAB /* ProfContactCell.swift */,
				C27626031D8BAF2A00D01AAB /* ProfContactTableViewCell.swift */,
				C27626041D8BAF2A00D01AAB /* ProfessorContactatIItR.json */,
				C27626051D8BAF2A00D01AAB /* RLandApp-Bridging-Header.h */,
			);
			name = "Contacts (Swift)";
			path = Contacts;
			sourceTree = "<group>";
		};
		C27626131D8BAF7900D01AAB /* Events_and_Reminders */ = {
			isa = PBXGroup;
			children = (
				C27626141D8BAF7900D01AAB /* CalendarsViewController.h */,
				C27626151D8BAF7900D01AAB /* CalendarsViewController.m */,
				C27626161D8BAF7900D01AAB /* CreateAlertViewController.h */,
				C27626171D8BAF7900D01AAB /* CreateAlertViewController.m */,
				C27626181D8BAF7900D01AAB /* DatePickerViewController.h */,
				C27626191D8BAF7900D01AAB /* DatePickerViewController.m */,
				C276261A1D8BAF7900D01AAB /* EditEventViewController.h */,
				C276261B1D8BAF7900D01AAB /* EditEventViewController.m */,
				C276261C1D8BAF7900D01AAB /* EventManager.h */,
				C276261D1D8BAF7900D01AAB /* EventManager.m */,
				C276261E1D8BAF7900D01AAB /* EventsForACalendarViewController.h */,
				C276261F1D8BAF7900D01AAB /* EventsForACalendarViewController.m */,
			);
			path = Events_and_Reminders;
			sourceTree = "<group>";
		};
		F42E68FEB7EBC53C46202EFC /* Pods */ = {
			isa = PBXGroup;
			children = (
				7B7E6784301ABB94F700CF7C /* Pods-RLandApp.debug.xcconfig */,
				E8C5DD7B9A38BF4D41B61AD5 /* Pods-RLandApp.release.xcconfig */,
				02FEB6295DF954A4B7149115 /* Pods-RLandAppTests.debug.xcconfig */,
				4315CAD031AB6B40C39ACA8C /* Pods-RLandAppTests.release.xcconfig */,
				A2CF13B8724938C0C1314A5C /* Pods-RLandAppUITests.debug.xcconfig */,
				EAF87DF9AE30D6F2A5F0FCD7 /* Pods-RLandAppUITests.release.xcconfig */,
			);
			name = Pods;
			sourceTree = "<group>";
		};
/* End PBXGroup section */

/* Begin PBXNativeTarget section */
		C20D619A1C21BEE500F52991 /* RLandApp */ = {
			isa = PBXNativeTarget;
			buildConfigurationList = C20D61CB1C21BEE600F52991 /* Build configuration list for PBXNativeTarget "RLandApp" */;
			buildPhases = (
				A3B341B78CC96D0197DF2E4D /* [CP] Check Pods Manifest.lock */,
				C20D61971C21BEE500F52991 /* Sources */,
				C20D61981C21BEE500F52991 /* Frameworks */,
				C20D61991C21BEE500F52991 /* Resources */,
				547FB1FCD3C7455479605B22 /* [CP] Embed Pods Frameworks */,
				CBADB59F2F646F337C9B97A4 /* [CP] Copy Pods Resources */,
				C27F6F4B1D80384000DF481A /* ShellScript */,
			);
			buildRules = (
			);
			dependencies = (
			);
			name = RLandApp;
			productName = RLandApp;
			productReference = C20D619B1C21BEE500F52991 /* RLandApp.app */;
			productType = "com.apple.product-type.application";
		};
		C20D61B61C21BEE500F52991 /* RLandAppTests */ = {
			isa = PBXNativeTarget;
			buildConfigurationList = C20D61CE1C21BEE600F52991 /* Build configuration list for PBXNativeTarget "RLandAppTests" */;
			buildPhases = (
				271625C93660657C471A5990 /* [CP] Check Pods Manifest.lock */,
				C20D61B31C21BEE500F52991 /* Sources */,
				C20D61B41C21BEE500F52991 /* Frameworks */,
				C20D61B51C21BEE500F52991 /* Resources */,
				3BB62AADE13D912AFA84017A /* [CP] Embed Pods Frameworks */,
				8990CA094483897B5530CFDE /* [CP] Copy Pods Resources */,
			);
			buildRules = (
			);
			dependencies = (
				C20D61B91C21BEE500F52991 /* PBXTargetDependency */,
			);
			name = RLandAppTests;
			productName = RLandAppTests;
			productReference = C20D61B71C21BEE500F52991 /* RLandAppTests.xctest */;
			productType = "com.apple.product-type.bundle.unit-test";
		};
		C20D61C11C21BEE600F52991 /* RLandAppUITests */ = {
			isa = PBXNativeTarget;
			buildConfigurationList = C20D61D11C21BEE600F52991 /* Build configuration list for PBXNativeTarget "RLandAppUITests" */;
			buildPhases = (
				E9BCDE91E4841E94D6A7AA52 /* [CP] Check Pods Manifest.lock */,
				C20D61BE1C21BEE600F52991 /* Sources */,
				C20D61BF1C21BEE600F52991 /* Frameworks */,
				C20D61C01C21BEE600F52991 /* Resources */,
				E5B3B326DB4D9F790BC2275B /* [CP] Copy Pods Resources */,
			);
			buildRules = (
			);
			dependencies = (
				C20D61C41C21BEE600F52991 /* PBXTargetDependency */,
			);
			name = RLandAppUITests;
			productName = RLandAppUITests;
			productReference = C20D61C21C21BEE600F52991 /* RLandAppUITests.xctest */;
			productType = "com.apple.product-type.bundle.ui-testing";
		};
/* End PBXNativeTarget section */

/* Begin PBXProject section */
		C20D61931C21BEE500F52991 /* Project object */ = {
			isa = PBXProject;
			attributes = {
				LastSwiftUpdateCheck = 0730;
				LastUpgradeCheck = 0700;
				ORGANIZATIONNAME = Self;
				TargetAttributes = {
					C20D619A1C21BEE500F52991 = {
						CreatedOnToolsVersion = 7.0;
						DevelopmentTeam = KE77J4DPEA;
					};
					C20D61B61C21BEE500F52991 = {
						CreatedOnToolsVersion = 7.0;
						DevelopmentTeam = KE77J4DPEA;
						TestTargetID = C20D619A1C21BEE500F52991;
					};
					C20D61C11C21BEE600F52991 = {
						CreatedOnToolsVersion = 7.0;
						DevelopmentTeam = KE77J4DPEA;
						TestTargetID = C20D619A1C21BEE500F52991;
					};
				};
			};
			buildConfigurationList = C20D61961C21BEE500F52991 /* Build configuration list for PBXProject "RLandApp" */;
			compatibilityVersion = "Xcode 3.2";
			developmentRegion = English;
			hasScannedForEncodings = 0;
			knownRegions = (
				en,
				Base,
			);
			mainGroup = C20D61921C21BEE400F52991;
			productRefGroup = C20D619C1C21BEE500F52991 /* Products */;
			projectDirPath = "";
			projectRoot = "";
			targets = (
				C20D619A1C21BEE500F52991 /* RLandApp */,
				C20D61B61C21BEE500F52991 /* RLandAppTests */,
				C20D61C11C21BEE600F52991 /* RLandAppUITests */,
			);
		};
/* End PBXProject section */

/* Begin PBXResourcesBuildPhase section */
		C20D61991C21BEE500F52991 /* Resources */ = {
			isa = PBXResourcesBuildPhase;
			buildActionMask = 2147483647;
			files = (
				C27625BB1D8BAC7500D01AAB /* IITRLocationsInfo.json in Resources */,
				C27625F51D8BAEB300D01AAB /* FBCustomWithPicTableViewCell.xib in Resources */,
				C27625F31D8BAEB300D01AAB /* FBCustomNoPicTableViewCell.xib in Resources */,
				C27626121D8BAF2A00D01AAB /* ProfessorContactatIItR.json in Resources */,
				C20D61B11C21BEE500F52991 /* LaunchScreen.storyboard in Resources */,
				C27625DD1D8BADCA00D01AAB /* compass-point-7.png in Resources */,
				C27625DC1D8BADCA00D01AAB /* calendar-7.png in Resources */,
				C276260F1D8BAF2A00D01AAB /* Prof icon.png in Resources */,
				C27625D01D8BAD5100D01AAB /* page4.png in Resources */,
				C27626091D8BAF2A00D01AAB /* ContactInfoThumbnail.png in Resources */,
				C27625DA1D8BADCA00D01AAB /* animal-element-7.png in Resources */,
				C27625CE1D8BAD5100D01AAB /* page2.png in Resources */,
				C20D61AE1C21BEE500F52991 /* Assets.xcassets in Resources */,
				C27625CD1D8BAD5100D01AAB /* page1.png in Resources */,
				C27625CF1D8BAD5100D01AAB /* page3.png in Resources */,
				C27626061D8BAF2A00D01AAB /* 180.png in Resources */,
				C27625DB1D8BADCA00D01AAB /* bell-7.png in Resources */,
				C27625DE1D8BADCA00D01AAB /* house-7.png in Resources */,
				C20D61A91C21BEE500F52991 /* Main.storyboard in Resources */,
				C27625EF1D8BAEB300D01AAB /* checkmark.png in Resources */,
			);
			runOnlyForDeploymentPostprocessing = 0;
		};
		C20D61B51C21BEE500F52991 /* Resources */ = {
			isa = PBXResourcesBuildPhase;
			buildActionMask = 2147483647;
			files = (
			);
			runOnlyForDeploymentPostprocessing = 0;
		};
		C20D61C01C21BEE600F52991 /* Resources */ = {
			isa = PBXResourcesBuildPhase;
			buildActionMask = 2147483647;
			files = (
			);
			runOnlyForDeploymentPostprocessing = 0;
		};
/* End PBXResourcesBuildPhase section */

/* Begin PBXShellScriptBuildPhase section */
		271625C93660657C471A5990 /* [CP] Check Pods Manifest.lock */ = {
			isa = PBXShellScriptBuildPhase;
			buildActionMask = 2147483647;
			files = (
			);
			inputPaths = (
			);
			name = "[CP] Check Pods Manifest.lock";
			outputPaths = (
			);
			runOnlyForDeploymentPostprocessing = 0;
			shellPath = /bin/sh;
			shellScript = "diff \"${PODS_ROOT}/../Podfile.lock\" \"${PODS_ROOT}/Manifest.lock\" > /dev/null\nif [[ $? != 0 ]] ; then\n    cat << EOM\nerror: The sandbox is not in sync with the Podfile.lock. Run 'pod install' or update your CocoaPods installation.\nEOM\n    exit 1\nfi\n";
			showEnvVarsInLog = 0;
		};
		3BB62AADE13D912AFA84017A /* [CP] Embed Pods Frameworks */ = {
			isa = PBXShellScriptBuildPhase;
			buildActionMask = 2147483647;
			files = (
			);
			inputPaths = (
			);
			name = "[CP] Embed Pods Frameworks";
			outputPaths = (
			);
			runOnlyForDeploymentPostprocessing = 0;
			shellPath = /bin/sh;
			shellScript = "\"${SRCROOT}/Pods/Target Support Files/Pods-RLandAppTests/Pods-RLandAppTests-frameworks.sh\"\n";
			showEnvVarsInLog = 0;
		};
		547FB1FCD3C7455479605B22 /* [CP] Embed Pods Frameworks */ = {
			isa = PBXShellScriptBuildPhase;
			buildActionMask = 2147483647;
			files = (
			);
			inputPaths = (
			);
			name = "[CP] Embed Pods Frameworks";
			outputPaths = (
			);
			runOnlyForDeploymentPostprocessing = 0;
			shellPath = /bin/sh;
			shellScript = "\"${SRCROOT}/Pods/Target Support Files/Pods-RLandApp/Pods-RLandApp-frameworks.sh\"\n";
			showEnvVarsInLog = 0;
		};
		8990CA094483897B5530CFDE /* [CP] Copy Pods Resources */ = {
			isa = PBXShellScriptBuildPhase;
			buildActionMask = 2147483647;
			files = (
			);
			inputPaths = (
			);
			name = "[CP] Copy Pods Resources";
			outputPaths = (
			);
			runOnlyForDeploymentPostprocessing = 0;
			shellPath = /bin/sh;
			shellScript = "\"${SRCROOT}/Pods/Target Support Files/Pods-RLandAppTests/Pods-RLandAppTests-resources.sh\"\n";
			showEnvVarsInLog = 0;
		};
		A3B341B78CC96D0197DF2E4D /* [CP] Check Pods Manifest.lock */ = {
			isa = PBXShellScriptBuildPhase;
			buildActionMask = 2147483647;
			files = (
			);
			inputPaths = (
			);
			name = "[CP] Check Pods Manifest.lock";
			outputPaths = (
			);
			runOnlyForDeploymentPostprocessing = 0;
			shellPath = /bin/sh;
			shellScript = "diff \"${PODS_ROOT}/../Podfile.lock\" \"${PODS_ROOT}/Manifest.lock\" > /dev/null\nif [[ $? != 0 ]] ; then\n    cat << EOM\nerror: The sandbox is not in sync with the Podfile.lock. Run 'pod install' or update your CocoaPods installation.\nEOM\n    exit 1\nfi\n";
			showEnvVarsInLog = 0;
		};
		C27F6F4B1D80384000DF481A /* ShellScript */ = {
			isa = PBXShellScriptBuildPhase;
			buildActionMask = 2147483647;
			files = (
			);
			inputPaths = (
			);
			outputPaths = (
			);
			runOnlyForDeploymentPostprocessing = 0;
			shellPath = /bin/sh;
			shellScript = "\"${PODS_ROOT}/Fabric/run\" 2b129f540612bb184eea342c8da87e673dc7036b 49faa35f2894e43cf9ee3b8467f0baab101531323aaaebb020e7503392cd805c";
		};
		CBADB59F2F646F337C9B97A4 /* [CP] Copy Pods Resources */ = {
			isa = PBXShellScriptBuildPhase;
			buildActionMask = 2147483647;
			files = (
			);
			inputPaths = (
			);
			name = "[CP] Copy Pods Resources";
			outputPaths = (
			);
			runOnlyForDeploymentPostprocessing = 0;
			shellPath = /bin/sh;
			shellScript = "\"${SRCROOT}/Pods/Target Support Files/Pods-RLandApp/Pods-RLandApp-resources.sh\"\n";
			showEnvVarsInLog = 0;
		};
		E5B3B326DB4D9F790BC2275B /* [CP] Copy Pods Resources */ = {
			isa = PBXShellScriptBuildPhase;
			buildActionMask = 2147483647;
			files = (
			);
			inputPaths = (
			);
			name = "[CP] Copy Pods Resources";
			outputPaths = (
			);
			runOnlyForDeploymentPostprocessing = 0;
			shellPath = /bin/sh;
			shellScript = "\"${SRCROOT}/Pods/Target Support Files/Pods-RLandAppUITests/Pods-RLandAppUITests-resources.sh\"\n";
			showEnvVarsInLog = 0;
		};
		E9BCDE91E4841E94D6A7AA52 /* [CP] Check Pods Manifest.lock */ = {
			isa = PBXShellScriptBuildPhase;
			buildActionMask = 2147483647;
			files = (
			);
			inputPaths = (
			);
			name = "[CP] Check Pods Manifest.lock";
			outputPaths = (
			);
			runOnlyForDeploymentPostprocessing = 0;
			shellPath = /bin/sh;
			shellScript = "diff \"${PODS_ROOT}/../Podfile.lock\" \"${PODS_ROOT}/Manifest.lock\" > /dev/null\nif [[ $? != 0 ]] ; then\n    cat << EOM\nerror: The sandbox is not in sync with the Podfile.lock. Run 'pod install' or update your CocoaPods installation.\nEOM\n    exit 1\nfi\n";
			showEnvVarsInLog = 0;
		};
/* End PBXShellScriptBuildPhase section */

/* Begin PBXSourcesBuildPhase section */
		C20D61971C21BEE500F52991 /* Sources */ = {
			isa = PBXSourcesBuildPhase;
			buildActionMask = 2147483647;
			files = (
				C27626211D8BAF7900D01AAB /* CreateAlertViewController.m in Sources */,
				C20D61A31C21BEE500F52991 /* AppDelegate.m in Sources */,
				C27625BC1D8BAC7500D01AAB /* ListOfPlacesTableViewController.m in Sources */,
				C276260C1D8BAF2A00D01AAB /* DepartmentProfTableViewControllerTableViewController.swift in Sources */,
				C27625F61D8BAEB300D01AAB /* ListOfFbPostsViewController.m in Sources */,
				C27626251D8BAF7900D01AAB /* EventsForACalendarViewController.m in Sources */,
				C27626081D8BAF2A00D01AAB /* ContactInfoTableViewController.swift in Sources */,
				C27626111D8BAF2A00D01AAB /* ProfContactTableViewCell.swift in Sources */,
				C27625BA1D8BAC7500D01AAB /* GoogleMapDirectionService.m in Sources */,
				C27625F21D8BAEB300D01AAB /* FBCustomNoPicTableViewCell.m in Sources */,
				C27625F41D8BAEB300D01AAB /* FBCustomWithPicTableViewCell.m in Sources */,
				C27626071D8BAF2A00D01AAB /* ContactInfoTableViewCell.swift in Sources */,
				C27626101D8BAF2A00D01AAB /* ProfContactCell.swift in Sources */,
				C276260B1D8BAF2A00D01AAB /* DepartmentCell.swift in Sources */,
				C27626241D8BAF7900D01AAB /* EventManager.m in Sources */,
				C27625CC1D8BAD5100D01AAB /* ShowPageViewController.m in Sources */,
				C27625F11D8BAEB300D01AAB /* DetailFbPostViewController.m in Sources */,
				C20D61A01C21BEE500F52991 /* main.m in Sources */,
				C27626221D8BAF7900D01AAB /* DatePickerViewController.m in Sources */,
				C276260E1D8BAF2A00D01AAB /* DepartmentTableViewCell.swift in Sources */,
				C27626201D8BAF7900D01AAB /* CalendarsViewController.m in Sources */,
				C2939B241D93A69300E0D903 /* FBLoginViewController.m in Sources */,
				C276260A1D8BAF2A00D01AAB /* ContactInfoViewController.swift in Sources */,
				C27625BD1D8BAC7500D01AAB /* MapsViewController.m in Sources */,
				C27626231D8BAF7900D01AAB /* EditEventViewController.m in Sources */,
				C27625DF1D8BADCA00D01AAB /* theTabBarViewController.m in Sources */,
				C27625CB1D8BAD5100D01AAB /* PageContentViewController.m in Sources */,
				C276260D1D8BAF2A00D01AAB /* DepartmentsTableViewController.swift in Sources */,
				C27625F01D8BAEB300D01AAB /* ChooseFbPageViewController.m in Sources */,
				C20D61AC1C21BEE500F52991 /* RLandApp.xcdatamodeld in Sources */,
			);
			runOnlyForDeploymentPostprocessing = 0;
		};
		C20D61B31C21BEE500F52991 /* Sources */ = {
			isa = PBXSourcesBuildPhase;
			buildActionMask = 2147483647;
			files = (
				C20D61BC1C21BEE500F52991 /* RLandAppTests.m in Sources */,
			);
			runOnlyForDeploymentPostprocessing = 0;
		};
		C20D61BE1C21BEE600F52991 /* Sources */ = {
			isa = PBXSourcesBuildPhase;
			buildActionMask = 2147483647;
			files = (
				C20D61C71C21BEE600F52991 /* RLandAppUITests.m in Sources */,
			);
			runOnlyForDeploymentPostprocessing = 0;
		};
/* End PBXSourcesBuildPhase section */

/* Begin PBXTargetDependency section */
		C20D61B91C21BEE500F52991 /* PBXTargetDependency */ = {
			isa = PBXTargetDependency;
			target = C20D619A1C21BEE500F52991 /* RLandApp */;
			targetProxy = C20D61B81C21BEE500F52991 /* PBXContainerItemProxy */;
		};
		C20D61C41C21BEE600F52991 /* PBXTargetDependency */ = {
			isa = PBXTargetDependency;
			target = C20D619A1C21BEE500F52991 /* RLandApp */;
			targetProxy = C20D61C31C21BEE600F52991 /* PBXContainerItemProxy */;
		};
/* End PBXTargetDependency section */

/* Begin PBXVariantGroup section */
		C20D61A71C21BEE500F52991 /* Main.storyboard */ = {
			isa = PBXVariantGroup;
			children = (
				C20D61A81C21BEE500F52991 /* Base */,
			);
			name = Main.storyboard;
			sourceTree = "<group>";
		};
		C20D61AF1C21BEE500F52991 /* LaunchScreen.storyboard */ = {
			isa = PBXVariantGroup;
			children = (
				C20D61B01C21BEE500F52991 /* Base */,
			);
			name = LaunchScreen.storyboard;
			sourceTree = "<group>";
		};
/* End PBXVariantGroup section */

/* Begin XCBuildConfiguration section */
		C20D61C91C21BEE600F52991 /* Debug */ = {
			isa = XCBuildConfiguration;
			buildSettings = {
				ALWAYS_SEARCH_USER_PATHS = NO;
				CLANG_CXX_LANGUAGE_STANDARD = "gnu++0x";
				CLANG_CXX_LIBRARY = "libc++";
				CLANG_ENABLE_MODULES = YES;
				CLANG_ENABLE_OBJC_ARC = YES;
				CLANG_WARN_BOOL_CONVERSION = YES;
				CLANG_WARN_CONSTANT_CONVERSION = YES;
				CLANG_WARN_DIRECT_OBJC_ISA_USAGE = YES_ERROR;
				CLANG_WARN_EMPTY_BODY = YES;
				CLANG_WARN_ENUM_CONVERSION = YES;
				CLANG_WARN_INT_CONVERSION = YES;
				CLANG_WARN_OBJC_ROOT_CLASS = YES_ERROR;
				CLANG_WARN_UNREACHABLE_CODE = YES;
				CLANG_WARN__DUPLICATE_METHOD_MATCH = YES;
				"CODE_SIGN_IDENTITY[sdk=iphoneos*]" = "iPhone Developer";
				COPY_PHASE_STRIP = NO;
				DEBUG_INFORMATION_FORMAT = dwarf;
				ENABLE_STRICT_OBJC_MSGSEND = YES;
				ENABLE_TESTABILITY = YES;
				GCC_C_LANGUAGE_STANDARD = gnu99;
				GCC_DYNAMIC_NO_PIC = NO;
				GCC_NO_COMMON_BLOCKS = YES;
				GCC_OPTIMIZATION_LEVEL = 0;
				GCC_PREPROCESSOR_DEFINITIONS = (
					"DEBUG=1",
					"$(inherited)",
				);
				GCC_WARN_64_TO_32_BIT_CONVERSION = YES;
				GCC_WARN_ABOUT_RETURN_TYPE = YES_ERROR;
				GCC_WARN_UNDECLARED_SELECTOR = YES;
				GCC_WARN_UNINITIALIZED_AUTOS = YES_AGGRESSIVE;
				GCC_WARN_UNUSED_FUNCTION = YES;
				GCC_WARN_UNUSED_VARIABLE = YES;
				IPHONEOS_DEPLOYMENT_TARGET = 9.0;
				MTL_ENABLE_DEBUG_INFO = YES;
				ONLY_ACTIVE_ARCH = YES;
				SDKROOT = iphoneos;
			};
			name = Debug;
		};
		C20D61CA1C21BEE600F52991 /* Release */ = {
			isa = XCBuildConfiguration;
			buildSettings = {
				ALWAYS_SEARCH_USER_PATHS = NO;
				CLANG_CXX_LANGUAGE_STANDARD = "gnu++0x";
				CLANG_CXX_LIBRARY = "libc++";
				CLANG_ENABLE_MODULES = YES;
				CLANG_ENABLE_OBJC_ARC = YES;
				CLANG_WARN_BOOL_CONVERSION = YES;
				CLANG_WARN_CONSTANT_CONVERSION = YES;
				CLANG_WARN_DIRECT_OBJC_ISA_USAGE = YES_ERROR;
				CLANG_WARN_EMPTY_BODY = YES;
				CLANG_WARN_ENUM_CONVERSION = YES;
				CLANG_WARN_INT_CONVERSION = YES;
				CLANG_WARN_OBJC_ROOT_CLASS = YES_ERROR;
				CLANG_WARN_UNREACHABLE_CODE = YES;
				CLANG_WARN__DUPLICATE_METHOD_MATCH = YES;
				"CODE_SIGN_IDENTITY[sdk=iphoneos*]" = "iPhone Developer";
				COPY_PHASE_STRIP = NO;
				DEBUG_INFORMATION_FORMAT = "dwarf-with-dsym";
				ENABLE_NS_ASSERTIONS = NO;
				ENABLE_STRICT_OBJC_MSGSEND = YES;
				GCC_C_LANGUAGE_STANDARD = gnu99;
				GCC_NO_COMMON_BLOCKS = YES;
				GCC_WARN_64_TO_32_BIT_CONVERSION = YES;
				GCC_WARN_ABOUT_RETURN_TYPE = YES_ERROR;
				GCC_WARN_UNDECLARED_SELECTOR = YES;
				GCC_WARN_UNINITIALIZED_AUTOS = YES_AGGRESSIVE;
				GCC_WARN_UNUSED_FUNCTION = YES;
				GCC_WARN_UNUSED_VARIABLE = YES;
				IPHONEOS_DEPLOYMENT_TARGET = 9.0;
				MTL_ENABLE_DEBUG_INFO = NO;
				SDKROOT = iphoneos;
				VALIDATE_PRODUCT = YES;
			};
			name = Release;
		};
		C20D61CC1C21BEE600F52991 /* Debug */ = {
			isa = XCBuildConfiguration;
			baseConfigurationReference = D04D52161C6EFEEA46B10004 /* Pods-RLandApp.debug.xcconfig */;
			buildSettings = {
				ASSETCATALOG_COMPILER_APPICON_NAME = AppIcon;
				CLANG_ENABLE_MODULES = YES;
				DEBUG_INFORMATION_FORMAT = "dwarf-with-dsym";
				FRAMEWORK_SEARCH_PATHS = (
					"$(inherited)",
					"$(PROJECT_DIR)",
					"$(PROJECT_DIR)/RLandApp/Frameworks",
				);
				INFOPLIST_FILE = RLandApp/Info.plist;
				LD_RUNPATH_SEARCH_PATHS = "$(inherited) @executable_path/Frameworks";
				PRODUCT_BUNDLE_IDENTIFIER = edu.self.RLandApp;
				PRODUCT_NAME = "$(TARGET_NAME)";
				SWIFT_OBJC_BRIDGING_HEADER = "~/Desktop/RLand/RLandApp-Bridging-Header.h";
				SWIFT_OPTIMIZATION_LEVEL = "-Onone";
			};
			name = Debug;
		};
		C20D61CD1C21BEE600F52991 /* Release */ = {
			isa = XCBuildConfiguration;
			baseConfigurationReference = 3BEB460B5A5250F28F76995E /* Pods-RLandApp.release.xcconfig */;
			buildSettings = {
				ASSETCATALOG_COMPILER_APPICON_NAME = AppIcon;
				CLANG_ENABLE_MODULES = YES;
				FRAMEWORK_SEARCH_PATHS = (
					"$(inherited)",
					"$(PROJECT_DIR)",
					"$(PROJECT_DIR)/RLandApp/Frameworks",
				);
				INFOPLIST_FILE = RLandApp/Info.plist;
				LD_RUNPATH_SEARCH_PATHS = "$(inherited) @executable_path/Frameworks";
				PRODUCT_BUNDLE_IDENTIFIER = edu.self.RLandApp;
				PRODUCT_NAME = "$(TARGET_NAME)";
				SWIFT_OBJC_BRIDGING_HEADER = "~/Desktop/RLand/RLandApp-Bridging-Header.h";
			};
			name = Release;
		};
		C20D61CF1C21BEE600F52991 /* Debug */ = {
			isa = XCBuildConfiguration;
			baseConfigurationReference = E0CF91F2798AE9BEC8D870DB /* Pods-RLandAppTests.debug.xcconfig */;
			buildSettings = {
				BUNDLE_LOADER = "$(TEST_HOST)";
				INFOPLIST_FILE = RLandAppTests/Info.plist;
				LD_RUNPATH_SEARCH_PATHS = "$(inherited) @executable_path/Frameworks @loader_path/Frameworks";
				PRODUCT_BUNDLE_IDENTIFIER = edu.self.RLandAppTests;
				PRODUCT_NAME = "$(TARGET_NAME)";
				TEST_HOST = "$(BUILT_PRODUCTS_DIR)/RLandApp.app/RLandApp";
			};
			name = Debug;
		};
		C20D61D01C21BEE600F52991 /* Release */ = {
			isa = XCBuildConfiguration;
			baseConfigurationReference = 28B0D65CDFC7FCFD2273E7E1 /* Pods-RLandAppTests.release.xcconfig */;
			buildSettings = {
				BUNDLE_LOADER = "$(TEST_HOST)";
				INFOPLIST_FILE = RLandAppTests/Info.plist;
				LD_RUNPATH_SEARCH_PATHS = "$(inherited) @executable_path/Frameworks @loader_path/Frameworks";
				PRODUCT_BUNDLE_IDENTIFIER = edu.self.RLandAppTests;
				PRODUCT_NAME = "$(TARGET_NAME)";
				TEST_HOST = "$(BUILT_PRODUCTS_DIR)/RLandApp.app/RLandApp";
			};
			name = Release;
		};
		C20D61D21C21BEE600F52991 /* Debug */ = {
			isa = XCBuildConfiguration;
			baseConfigurationReference = AF57083D759E98148C610A80 /* Pods-RLandAppUITests.debug.xcconfig */;
			buildSettings = {
				INFOPLIST_FILE = RLandAppUITests/Info.plist;
				LD_RUNPATH_SEARCH_PATHS = "$(inherited) @executable_path/Frameworks @loader_path/Frameworks";
				PRODUCT_BUNDLE_IDENTIFIER = edu.self.RLandAppUITests;
				PRODUCT_NAME = "$(TARGET_NAME)";
				TEST_TARGET_NAME = RLandApp;
				USES_XCTRUNNER = YES;
			};
			name = Debug;
		};
		C20D61D31C21BEE600F52991 /* Release */ = {
			isa = XCBuildConfiguration;
			baseConfigurationReference = A5FAE15CEAC3EF377A74AA3D /* Pods-RLandAppUITests.release.xcconfig */;
			buildSettings = {
				INFOPLIST_FILE = RLandAppUITests/Info.plist;
				LD_RUNPATH_SEARCH_PATHS = "$(inherited) @executable_path/Frameworks @loader_path/Frameworks";
				PRODUCT_BUNDLE_IDENTIFIER = edu.self.RLandAppUITests;
				PRODUCT_NAME = "$(TARGET_NAME)";
				TEST_TARGET_NAME = RLandApp;
				USES_XCTRUNNER = YES;
			};
			name = Release;
		};
/* End XCBuildConfiguration section */

/* Begin XCConfigurationList section */
		C20D61961C21BEE500F52991 /* Build configuration list for PBXProject "RLandApp" */ = {
			isa = XCConfigurationList;
			buildConfigurations = (
				C20D61C91C21BEE600F52991 /* Debug */,
				C20D61CA1C21BEE600F52991 /* Release */,
			);
			defaultConfigurationIsVisible = 0;
			defaultConfigurationName = Release;
		};
		C20D61CB1C21BEE600F52991 /* Build configuration list for PBXNativeTarget "RLandApp" */ = {
			isa = XCConfigurationList;
			buildConfigurations = (
				C20D61CC1C21BEE600F52991 /* Debug */,
				C20D61CD1C21BEE600F52991 /* Release */,
			);
			defaultConfigurationIsVisible = 0;
			defaultConfigurationName = Release;
		};
		C20D61CE1C21BEE600F52991 /* Build configuration list for PBXNativeTarget "RLandAppTests" */ = {
			isa = XCConfigurationList;
			buildConfigurations = (
				C20D61CF1C21BEE600F52991 /* Debug */,
				C20D61D01C21BEE600F52991 /* Release */,
			);
			defaultConfigurationIsVisible = 0;
			defaultConfigurationName = Release;
		};
		C20D61D11C21BEE600F52991 /* Build configuration list for PBXNativeTarget "RLandAppUITests" */ = {
			isa = XCConfigurationList;
			buildConfigurations = (
				C20D61D21C21BEE600F52991 /* Debug */,
				C20D61D31C21BEE600F52991 /* Release */,
			);
			defaultConfigurationIsVisible = 0;
			defaultConfigurationName = Release;
		};
/* End XCConfigurationList section */

/* Begin XCVersionGroup section */
		C20D61AA1C21BEE500F52991 /* RLandApp.xcdatamodeld */ = {
			isa = XCVersionGroup;
			children = (
				C20D61AB1C21BEE500F52991 /* RLandApp.xcdatamodel */,
			);
			currentVersion = C20D61AB1C21BEE500F52991 /* RLandApp.xcdatamodel */;
			path = RLandApp.xcdatamodeld;
			sourceTree = "<group>";
			versionGroupType = wrapper.xcdatamodel;
		};
/* End XCVersionGroup section */
	};
	rootObject = C20D61931C21BEE500F52991 /* Project object */;
}
