// !$*UTF8*$!
{
	archiveVersion = 1;
	classes = {
	};
	objectVersion = 46;
	objects = {

/* Begin PBXBuildFile section */
		2F1032E2689F7DE5D1E30420 /* libPods-RLandAppTests.a in Frameworks */ = {isa = PBXBuildFile; fileRef = 304BC2C6D4EAEE8149C5A5FD /* libPods-RLandAppTests.a */; };
		439C24601D75DDAE00440456 /* Contacts.framework in Frameworks */ = {isa = PBXBuildFile; fileRef = 439C245E1D75DDAE00440456 /* Contacts.framework */; };
		439C24611D75DDAE00440456 /* ContactsUI.framework in Frameworks */ = {isa = PBXBuildFile; fileRef = 439C245F1D75DDAE00440456 /* ContactsUI.framework */; };
		439C24711D75DDE800440456 /* DepartmentsTableViewController.swift in Sources */ = {isa = PBXBuildFile; fileRef = 439C24641D75DDE800440456 /* DepartmentsTableViewController.swift */; };
		439C24721D75DDE800440456 /* DepartmentProfTableViewControllerTableViewController.swift in Sources */ = {isa = PBXBuildFile; fileRef = 439C24651D75DDE800440456 /* DepartmentProfTableViewControllerTableViewController.swift */; };
		439C24731D75DDE800440456 /* ProfContactTableViewCell.swift in Sources */ = {isa = PBXBuildFile; fileRef = 439C24661D75DDE800440456 /* ProfContactTableViewCell.swift */; };
		439C24741D75DDE800440456 /* ContactInfoTableViewCell.swift in Sources */ = {isa = PBXBuildFile; fileRef = 439C24671D75DDE800440456 /* ContactInfoTableViewCell.swift */; };
		439C24751D75DDE800440456 /* ContactInfoViewController.swift in Sources */ = {isa = PBXBuildFile; fileRef = 439C24681D75DDE800440456 /* ContactInfoViewController.swift */; };
		439C24761D75DDE800440456 /* DepartmentTableViewCell.swift in Sources */ = {isa = PBXBuildFile; fileRef = 439C24691D75DDE800440456 /* DepartmentTableViewCell.swift */; };
		439C24771D75DDE800440456 /* ContactInfoTableViewController.swift in Sources */ = {isa = PBXBuildFile; fileRef = 439C246A1D75DDE800440456 /* ContactInfoTableViewController.swift */; };
		439C24781D75DDE800440456 /* ProfContactCell.swift in Sources */ = {isa = PBXBuildFile; fileRef = 439C246B1D75DDE800440456 /* ProfContactCell.swift */; };
		439C247A1D75DDE800440456 /* ContactInfoThumbnail.png in Resources */ = {isa = PBXBuildFile; fileRef = 439C246D1D75DDE800440456 /* ContactInfoThumbnail.png */; };
		439C247B1D75DDE800440456 /* 180.png in Resources */ = {isa = PBXBuildFile; fileRef = 439C246E1D75DDE800440456 /* 180.png */; };
		439C247C1D75DDE800440456 /* ProfessorContactatIItR.json in Resources */ = {isa = PBXBuildFile; fileRef = 439C246F1D75DDE800440456 /* ProfessorContactatIItR.json */; };
		439C247D1D75DDE800440456 /* DepartmentCell.swift in Sources */ = {isa = PBXBuildFile; fileRef = 439C24701D75DDE800440456 /* DepartmentCell.swift */; };
		C209F7841C5C2B1900CEB284 /* ListOfPlacesViewController.m in Sources */ = {isa = PBXBuildFile; fileRef = C209F7831C5C2B1900CEB284 /* ListOfPlacesViewController.m */; };
		C20D61A01C21BEE500F52991 /* main.m in Sources */ = {isa = PBXBuildFile; fileRef = C20D619F1C21BEE500F52991 /* main.m */; };
		C20D61A31C21BEE500F52991 /* AppDelegate.m in Sources */ = {isa = PBXBuildFile; fileRef = C20D61A21C21BEE500F52991 /* AppDelegate.m */; };
		C20D61A91C21BEE500F52991 /* Main.storyboard in Resources */ = {isa = PBXBuildFile; fileRef = C20D61A71C21BEE500F52991 /* Main.storyboard */; };
		C20D61AC1C21BEE500F52991 /* RLandApp.xcdatamodeld in Sources */ = {isa = PBXBuildFile; fileRef = C20D61AA1C21BEE500F52991 /* RLandApp.xcdatamodeld */; };
		C20D61AE1C21BEE500F52991 /* Assets.xcassets in Resources */ = {isa = PBXBuildFile; fileRef = C20D61AD1C21BEE500F52991 /* Assets.xcassets */; };
		C20D61B11C21BEE500F52991 /* LaunchScreen.storyboard in Resources */ = {isa = PBXBuildFile; fileRef = C20D61AF1C21BEE500F52991 /* LaunchScreen.storyboard */; };
		C20D61BC1C21BEE500F52991 /* RLandAppTests.m in Sources */ = {isa = PBXBuildFile; fileRef = C20D61BB1C21BEE500F52991 /* RLandAppTests.m */; };
		C20D61C71C21BEE600F52991 /* RLandAppUITests.m in Sources */ = {isa = PBXBuildFile; fileRef = C20D61C61C21BEE600F52991 /* RLandAppUITests.m */; };
		C20D61D91C21C04400F52991 /* MapsViewController.m in Sources */ = {isa = PBXBuildFile; fileRef = C20D61D81C21C04400F52991 /* MapsViewController.m */; };
		C20D61E01C21C11300F52991 /* UIKit.framework in Frameworks */ = {isa = PBXBuildFile; fileRef = C20D61DF1C21C11300F52991 /* UIKit.framework */; };
		C20D61E31C21C13E00F52991 /* HomePageViewController.m in Sources */ = {isa = PBXBuildFile; fileRef = C20D61E21C21C13E00F52991 /* HomePageViewController.m */; };
		C20D61E91C21EDE600F52991 /* CreateAlertViewController.m in Sources */ = {isa = PBXBuildFile; fileRef = C20D61E81C21EDE600F52991 /* CreateAlertViewController.m */; };
		C20D61F61C22956100F52991 /* theTabBarViewController.m in Sources */ = {isa = PBXBuildFile; fileRef = C20D61F51C22956100F52991 /* theTabBarViewController.m */; };
		C20D62511C25BED300F52991 /* EventManager.m in Sources */ = {isa = PBXBuildFile; fileRef = C20D62501C25BED300F52991 /* EventManager.m */; };
		C20D62541C25C32F00F52991 /* EventsForACalendarViewController.m in Sources */ = {isa = PBXBuildFile; fileRef = C20D62531C25C32F00F52991 /* EventsForACalendarViewController.m */; };
		C20D62571C25C9AE00F52991 /* CalendarsViewController.m in Sources */ = {isa = PBXBuildFile; fileRef = C20D62561C25C9AE00F52991 /* CalendarsViewController.m */; };
		C20D625A1C25C9BE00F52991 /* EditEventViewController.m in Sources */ = {isa = PBXBuildFile; fileRef = C20D62591C25C9BE00F52991 /* EditEventViewController.m */; };
		C20D62601C2670A300F52991 /* DatePickerViewController.m in Sources */ = {isa = PBXBuildFile; fileRef = C20D625F1C2670A300F52991 /* DatePickerViewController.m */; };
		C22837761C5BC083000E97C2 /* IITRLocationsInfo.json in Resources */ = {isa = PBXBuildFile; fileRef = C22837751C5BC083000E97C2 /* IITRLocationsInfo.json */; };
		C228377C1C5BE859000E97C2 /* GoogleMapDirectionService.m in Sources */ = {isa = PBXBuildFile; fileRef = C228377B1C5BE859000E97C2 /* GoogleMapDirectionService.m */; };
		C27A8D8B1D77499B00AB4042 /* Bolts.framework in Frameworks */ = {isa = PBXBuildFile; fileRef = C27A8D8A1D77499B00AB4042 /* Bolts.framework */; };
		C27A8D921D774AEC00AB4042 /* ChooseFbPageViewController.m in Sources */ = {isa = PBXBuildFile; fileRef = C27A8D911D774AEC00AB4042 /* ChooseFbPageViewController.m */; };
		C27A8D991D774BAA00AB4042 /* FBCustomWithPicTableViewCell.xib in Resources */ = {isa = PBXBuildFile; fileRef = C27A8D931D774BAA00AB4042 /* FBCustomWithPicTableViewCell.xib */; };
		C27A8D9A1D774BAA00AB4042 /* FBCustomNoPicTableViewCell.xib in Resources */ = {isa = PBXBuildFile; fileRef = C27A8D941D774BAA00AB4042 /* FBCustomNoPicTableViewCell.xib */; };
		C27A8D9B1D774BAA00AB4042 /* FBCustomNoPicTableViewCell.m in Sources */ = {isa = PBXBuildFile; fileRef = C27A8D961D774BAA00AB4042 /* FBCustomNoPicTableViewCell.m */; };
		C27A8D9C1D774BAA00AB4042 /* FBCustomWithPicTableViewCell.m in Sources */ = {isa = PBXBuildFile; fileRef = C27A8D981D774BAA00AB4042 /* FBCustomWithPicTableViewCell.m */; };
		C27A8DA01D774CE900AB4042 /* DetailFbPostViewController.m in Sources */ = {isa = PBXBuildFile; fileRef = C27A8D9F1D774CE900AB4042 /* DetailFbPostViewController.m */; };
		C27A8DA31D774D5D00AB4042 /* ListOfFbPostsViewController.m in Sources */ = {isa = PBXBuildFile; fileRef = C27A8DA21D774D5D00AB4042 /* ListOfFbPostsViewController.m */; };
		C27A8DA51D77520200AB4042 /* Prof icon.png in Resources */ = {isa = PBXBuildFile; fileRef = C27A8DA41D77520200AB4042 /* Prof icon.png */; };
		C28C19461C3FF8500088EEF4 /* FBSDKCoreKit.framework in Frameworks */ = {isa = PBXBuildFile; fileRef = C28C19431C3FF8500088EEF4 /* FBSDKCoreKit.framework */; };
		C28C19471C3FF8500088EEF4 /* FBSDKLoginKit.framework in Frameworks */ = {isa = PBXBuildFile; fileRef = C28C19441C3FF8500088EEF4 /* FBSDKLoginKit.framework */; };
		C28C19481C3FF8500088EEF4 /* FBSDKShareKit.framework in Frameworks */ = {isa = PBXBuildFile; fileRef = C28C19451C3FF8500088EEF4 /* FBSDKShareKit.framework */; };
		C29E1B0D1C6F311F00BBA29C /* ShowPageViewController.m in Sources */ = {isa = PBXBuildFile; fileRef = C29E1B0C1C6F311F00BBA29C /* ShowPageViewController.m */; };
		C29E1B101C6F324800BBA29C /* PageContentViewController.m in Sources */ = {isa = PBXBuildFile; fileRef = C29E1B0F1C6F324800BBA29C /* PageContentViewController.m */; };
		C29E1B151C6F345000BBA29C /* page1.png in Resources */ = {isa = PBXBuildFile; fileRef = C29E1B111C6F345000BBA29C /* page1.png */; };
		C29E1B161C6F345000BBA29C /* page2.png in Resources */ = {isa = PBXBuildFile; fileRef = C29E1B121C6F345000BBA29C /* page2.png */; };
		C29E1B171C6F345000BBA29C /* page3.png in Resources */ = {isa = PBXBuildFile; fileRef = C29E1B131C6F345000BBA29C /* page3.png */; };
		C29E1B181C6F345000BBA29C /* page4.png in Resources */ = {isa = PBXBuildFile; fileRef = C29E1B141C6F345000BBA29C /* page4.png */; };
		C2AD0E001C62B85900B77294 /* MessageUI.framework in Frameworks */ = {isa = PBXBuildFile; fileRef = C2AD0DFF1C62B85900B77294 /* MessageUI.framework */; };
		C2AF5E091CDA8AB000A3DD45 /* animal-element-7.png in Resources */ = {isa = PBXBuildFile; fileRef = C2AF5E041CDA8AB000A3DD45 /* animal-element-7.png */; };
		C2AF5E0A1CDA8AB000A3DD45 /* bell-7.png in Resources */ = {isa = PBXBuildFile; fileRef = C2AF5E051CDA8AB000A3DD45 /* bell-7.png */; };
		C2AF5E0B1CDA8AB000A3DD45 /* calendar-7.png in Resources */ = {isa = PBXBuildFile; fileRef = C2AF5E061CDA8AB000A3DD45 /* calendar-7.png */; };
		C2AF5E0C1CDA8AB000A3DD45 /* compass-point-7.png in Resources */ = {isa = PBXBuildFile; fileRef = C2AF5E071CDA8AB000A3DD45 /* compass-point-7.png */; };
		C2AF5E0D1CDA8AB000A3DD45 /* house-7.png in Resources */ = {isa = PBXBuildFile; fileRef = C2AF5E081CDA8AB000A3DD45 /* house-7.png */; };
		C2D914D11C69EDC800925E1B /* checkmark.png in Resources */ = {isa = PBXBuildFile; fileRef = C2D914D01C69EDC800925E1B /* checkmark.png */; };
		D3A1BAAA9C16F886A5CAB0DD /* libPods-RLandApp.a in Frameworks */ = {isa = PBXBuildFile; fileRef = 2F0899A648476F571C8CDB19 /* libPods-RLandApp.a */; };
		FE5EAA6DC50ED13A0170A699 /* libPods-RLandAppUITests.a in Frameworks */ = {isa = PBXBuildFile; fileRef = 56A0D9446344F3541E8A3538 /* libPods-RLandAppUITests.a */; };
/* End PBXBuildFile section */

/* Begin PBXContainerItemProxy section */
		C20D61B81C21BEE500F52991 /* PBXContainerItemProxy */ = {
			isa = PBXContainerItemProxy;
			containerPortal = C20D61931C21BEE500F52991 /* Project object */;
			proxyType = 1;
			remoteGlobalIDString = C20D619A1C21BEE500F52991;
			remoteInfo = RLandApp;
		};
		C20D61C31C21BEE600F52991 /* PBXContainerItemProxy */ = {
			isa = PBXContainerItemProxy;
			containerPortal = C20D61931C21BEE500F52991 /* Project object */;
			proxyType = 1;
			remoteGlobalIDString = C20D619A1C21BEE500F52991;
			remoteInfo = RLandApp;
		};
/* End PBXContainerItemProxy section */

/* Begin PBXFileReference section */
		02FEB6295DF954A4B7149115 /* Pods-RLandAppTests.debug.xcconfig */ = {isa = PBXFileReference; includeInIndex = 1; lastKnownFileType = text.xcconfig; name = "Pods-RLandAppTests.debug.xcconfig"; path = "Pods/Target Support Files/Pods-RLandAppTests/Pods-RLandAppTests.debug.xcconfig"; sourceTree = "<group>"; };
		28B0D65CDFC7FCFD2273E7E1 /* Pods-RLandAppTests.release.xcconfig */ = {isa = PBXFileReference; includeInIndex = 1; lastKnownFileType = text.xcconfig; name = "Pods-RLandAppTests.release.xcconfig"; path = "Pods/Target Support Files/Pods-RLandAppTests/Pods-RLandAppTests.release.xcconfig"; sourceTree = "<group>"; };
		2F0899A648476F571C8CDB19 /* libPods-RLandApp.a */ = {isa = PBXFileReference; explicitFileType = archive.ar; includeInIndex = 0; path = "libPods-RLandApp.a"; sourceTree = BUILT_PRODUCTS_DIR; };
		304BC2C6D4EAEE8149C5A5FD /* libPods-RLandAppTests.a */ = {isa = PBXFileReference; explicitFileType = archive.ar; includeInIndex = 0; path = "libPods-RLandAppTests.a"; sourceTree = BUILT_PRODUCTS_DIR; };
		3BEB460B5A5250F28F76995E /* Pods-RLandApp.release.xcconfig */ = {isa = PBXFileReference; includeInIndex = 1; lastKnownFileType = text.xcconfig; name = "Pods-RLandApp.release.xcconfig"; path = "Pods/Target Support Files/Pods-RLandApp/Pods-RLandApp.release.xcconfig"; sourceTree = "<group>"; };
		4315CAD031AB6B40C39ACA8C /* Pods-RLandAppTests.release.xcconfig */ = {isa = PBXFileReference; includeInIndex = 1; lastKnownFileType = text.xcconfig; name = "Pods-RLandAppTests.release.xcconfig"; path = "Pods/Target Support Files/Pods-RLandAppTests/Pods-RLandAppTests.release.xcconfig"; sourceTree = "<group>"; };
		439C245E1D75DDAE00440456 /* Contacts.framework */ = {isa = PBXFileReference; lastKnownFileType = wrapper.framework; name = Contacts.framework; path = System/Library/Frameworks/Contacts.framework; sourceTree = SDKROOT; };
		439C245F1D75DDAE00440456 /* ContactsUI.framework */ = {isa = PBXFileReference; lastKnownFileType = wrapper.framework; name = ContactsUI.framework; path = System/Library/Frameworks/ContactsUI.framework; sourceTree = SDKROOT; };
		439C24631D75DDE700440456 /* RLandApp-Bridging-Header.h */ = {isa = PBXFileReference; lastKnownFileType = sourcecode.c.h; path = "RLandApp-Bridging-Header.h"; sourceTree = "<group>"; };
		439C24641D75DDE800440456 /* DepartmentsTableViewController.swift */ = {isa = PBXFileReference; fileEncoding = 4; lastKnownFileType = sourcecode.swift; path = DepartmentsTableViewController.swift; sourceTree = "<group>"; };
		439C24651D75DDE800440456 /* DepartmentProfTableViewControllerTableViewController.swift */ = {isa = PBXFileReference; fileEncoding = 4; lastKnownFileType = sourcecode.swift; path = DepartmentProfTableViewControllerTableViewController.swift; sourceTree = "<group>"; };
		439C24661D75DDE800440456 /* ProfContactTableViewCell.swift */ = {isa = PBXFileReference; fileEncoding = 4; lastKnownFileType = sourcecode.swift; path = ProfContactTableViewCell.swift; sourceTree = "<group>"; };
		439C24671D75DDE800440456 /* ContactInfoTableViewCell.swift */ = {isa = PBXFileReference; fileEncoding = 4; lastKnownFileType = sourcecode.swift; path = ContactInfoTableViewCell.swift; sourceTree = "<group>"; };
		439C24681D75DDE800440456 /* ContactInfoViewController.swift */ = {isa = PBXFileReference; fileEncoding = 4; lastKnownFileType = sourcecode.swift; path = ContactInfoViewController.swift; sourceTree = "<group>"; };
		439C24691D75DDE800440456 /* DepartmentTableViewCell.swift */ = {isa = PBXFileReference; fileEncoding = 4; lastKnownFileType = sourcecode.swift; path = DepartmentTableViewCell.swift; sourceTree = "<group>"; };
		439C246A1D75DDE800440456 /* ContactInfoTableViewController.swift */ = {isa = PBXFileReference; fileEncoding = 4; lastKnownFileType = sourcecode.swift; path = ContactInfoTableViewController.swift; sourceTree = "<group>"; };
		439C246B1D75DDE800440456 /* ProfContactCell.swift */ = {isa = PBXFileReference; fileEncoding = 4; lastKnownFileType = sourcecode.swift; path = ProfContactCell.swift; sourceTree = "<group>"; };
		439C246D1D75DDE800440456 /* ContactInfoThumbnail.png */ = {isa = PBXFileReference; lastKnownFileType = image.png; path = ContactInfoThumbnail.png; sourceTree = "<group>"; };
		439C246E1D75DDE800440456 /* 180.png */ = {isa = PBXFileReference; lastKnownFileType = image.png; path = 180.png; sourceTree = "<group>"; };
		439C246F1D75DDE800440456 /* ProfessorContactatIItR.json */ = {isa = PBXFileReference; fileEncoding = 4; lastKnownFileType = text.json; path = ProfessorContactatIItR.json; sourceTree = "<group>"; };
		439C24701D75DDE800440456 /* DepartmentCell.swift */ = {isa = PBXFileReference; fileEncoding = 4; lastKnownFileType = sourcecode.swift; path = DepartmentCell.swift; sourceTree = "<group>"; };
		56A0D9446344F3541E8A3538 /* libPods-RLandAppUITests.a */ = {isa = PBXFileReference; explicitFileType = archive.ar; includeInIndex = 0; path = "libPods-RLandAppUITests.a"; sourceTree = BUILT_PRODUCTS_DIR; };
		7B7E6784301ABB94F700CF7C /* Pods-RLandApp.debug.xcconfig */ = {isa = PBXFileReference; includeInIndex = 1; lastKnownFileType = text.xcconfig; name = "Pods-RLandApp.debug.xcconfig"; path = "Pods/Target Support Files/Pods-RLandApp/Pods-RLandApp.debug.xcconfig"; sourceTree = "<group>"; };
		A2CF13B8724938C0C1314A5C /* Pods-RLandAppUITests.debug.xcconfig */ = {isa = PBXFileReference; includeInIndex = 1; lastKnownFileType = text.xcconfig; name = "Pods-RLandAppUITests.debug.xcconfig"; path = "Pods/Target Support Files/Pods-RLandAppUITests/Pods-RLandAppUITests.debug.xcconfig"; sourceTree = "<group>"; };
		A5FAE15CEAC3EF377A74AA3D /* Pods-RLandAppUITests.release.xcconfig */ = {isa = PBXFileReference; includeInIndex = 1; lastKnownFileType = text.xcconfig; name = "Pods-RLandAppUITests.release.xcconfig"; path = "Pods/Target Support Files/Pods-RLandAppUITests/Pods-RLandAppUITests.release.xcconfig"; sourceTree = "<group>"; };
		AF57083D759E98148C610A80 /* Pods-RLandAppUITests.debug.xcconfig */ = {isa = PBXFileReference; includeInIndex = 1; lastKnownFileType = text.xcconfig; name = "Pods-RLandAppUITests.debug.xcconfig"; path = "Pods/Target Support Files/Pods-RLandAppUITests/Pods-RLandAppUITests.debug.xcconfig"; sourceTree = "<group>"; };
		C209F7821C5C2B1900CEB284 /* ListOfPlacesViewController.h */ = {isa = PBXFileReference; fileEncoding = 4; lastKnownFileType = sourcecode.c.h; path = ListOfPlacesViewController.h; sourceTree = "<group>"; };
		C209F7831C5C2B1900CEB284 /* ListOfPlacesViewController.m */ = {isa = PBXFileReference; fileEncoding = 4; lastKnownFileType = sourcecode.c.objc; path = ListOfPlacesViewController.m; sourceTree = "<group>"; };
		C20D619B1C21BEE500F52991 /* RLandApp.app */ = {isa = PBXFileReference; explicitFileType = wrapper.application; includeInIndex = 0; path = RLandApp.app; sourceTree = BUILT_PRODUCTS_DIR; };
		C20D619F1C21BEE500F52991 /* main.m */ = {isa = PBXFileReference; lastKnownFileType = sourcecode.c.objc; path = main.m; sourceTree = "<group>"; };
		C20D61A11C21BEE500F52991 /* AppDelegate.h */ = {isa = PBXFileReference; lastKnownFileType = sourcecode.c.h; path = AppDelegate.h; sourceTree = "<group>"; };
		C20D61A21C21BEE500F52991 /* AppDelegate.m */ = {isa = PBXFileReference; lastKnownFileType = sourcecode.c.objc; path = AppDelegate.m; sourceTree = "<group>"; };
		C20D61A81C21BEE500F52991 /* Base */ = {isa = PBXFileReference; lastKnownFileType = file.storyboard; name = Base; path = Base.lproj/Main.storyboard; sourceTree = "<group>"; };
		C20D61AB1C21BEE500F52991 /* RLandApp.xcdatamodel */ = {isa = PBXFileReference; lastKnownFileType = wrapper.xcdatamodel; path = RLandApp.xcdatamodel; sourceTree = "<group>"; };
		C20D61AD1C21BEE500F52991 /* Assets.xcassets */ = {isa = PBXFileReference; lastKnownFileType = folder.assetcatalog; path = Assets.xcassets; sourceTree = "<group>"; };
		C20D61B01C21BEE500F52991 /* Base */ = {isa = PBXFileReference; lastKnownFileType = file.storyboard; name = Base; path = Base.lproj/LaunchScreen.storyboard; sourceTree = "<group>"; };
		C20D61B21C21BEE500F52991 /* Info.plist */ = {isa = PBXFileReference; lastKnownFileType = text.plist.xml; path = Info.plist; sourceTree = "<group>"; };
		C20D61B71C21BEE500F52991 /* RLandAppTests.xctest */ = {isa = PBXFileReference; explicitFileType = wrapper.cfbundle; includeInIndex = 0; path = RLandAppTests.xctest; sourceTree = BUILT_PRODUCTS_DIR; };
		C20D61BB1C21BEE500F52991 /* RLandAppTests.m */ = {isa = PBXFileReference; lastKnownFileType = sourcecode.c.objc; path = RLandAppTests.m; sourceTree = "<group>"; };
		C20D61BD1C21BEE500F52991 /* Info.plist */ = {isa = PBXFileReference; lastKnownFileType = text.plist.xml; path = Info.plist; sourceTree = "<group>"; };
		C20D61C21C21BEE600F52991 /* RLandAppUITests.xctest */ = {isa = PBXFileReference; explicitFileType = wrapper.cfbundle; includeInIndex = 0; path = RLandAppUITests.xctest; sourceTree = BUILT_PRODUCTS_DIR; };
		C20D61C61C21BEE600F52991 /* RLandAppUITests.m */ = {isa = PBXFileReference; lastKnownFileType = sourcecode.c.objc; path = RLandAppUITests.m; sourceTree = "<group>"; };
		C20D61C81C21BEE600F52991 /* Info.plist */ = {isa = PBXFileReference; lastKnownFileType = text.plist.xml; path = Info.plist; sourceTree = "<group>"; };
		C20D61D71C21C04400F52991 /* MapsViewController.h */ = {isa = PBXFileReference; fileEncoding = 4; lastKnownFileType = sourcecode.c.h; name = MapsViewController.h; path = ../MapsViewController.h; sourceTree = "<group>"; };
		C20D61D81C21C04400F52991 /* MapsViewController.m */ = {isa = PBXFileReference; fileEncoding = 4; lastKnownFileType = sourcecode.c.objc; name = MapsViewController.m; path = ../MapsViewController.m; sourceTree = "<group>"; };
		C20D61DF1C21C11300F52991 /* UIKit.framework */ = {isa = PBXFileReference; lastKnownFileType = wrapper.framework; name = UIKit.framework; path = System/Library/Frameworks/UIKit.framework; sourceTree = SDKROOT; };
		C20D61E11C21C13E00F52991 /* HomePageViewController.h */ = {isa = PBXFileReference; fileEncoding = 4; lastKnownFileType = sourcecode.c.h; name = HomePageViewController.h; path = ../HomePageViewController.h; sourceTree = "<group>"; };
		C20D61E21C21C13E00F52991 /* HomePageViewController.m */ = {isa = PBXFileReference; fileEncoding = 4; lastKnownFileType = sourcecode.c.objc; name = HomePageViewController.m; path = ../HomePageViewController.m; sourceTree = "<group>"; };
		C20D61E71C21EDE600F52991 /* CreateAlertViewController.h */ = {isa = PBXFileReference; fileEncoding = 4; lastKnownFileType = sourcecode.c.h; path = CreateAlertViewController.h; sourceTree = "<group>"; };
		C20D61E81C21EDE600F52991 /* CreateAlertViewController.m */ = {isa = PBXFileReference; fileEncoding = 4; lastKnownFileType = sourcecode.c.objc; path = CreateAlertViewController.m; sourceTree = "<group>"; };
		C20D61F41C22956100F52991 /* theTabBarViewController.h */ = {isa = PBXFileReference; fileEncoding = 4; lastKnownFileType = sourcecode.c.h; name = theTabBarViewController.h; path = ../theTabBarViewController.h; sourceTree = "<group>"; };
		C20D61F51C22956100F52991 /* theTabBarViewController.m */ = {isa = PBXFileReference; fileEncoding = 4; lastKnownFileType = sourcecode.c.objc; name = theTabBarViewController.m; path = ../theTabBarViewController.m; sourceTree = "<group>"; };
		C20D624F1C25BED300F52991 /* EventManager.h */ = {isa = PBXFileReference; fileEncoding = 4; lastKnownFileType = sourcecode.c.h; name = EventManager.h; path = ../EventManager.h; sourceTree = "<group>"; };
		C20D62501C25BED300F52991 /* EventManager.m */ = {isa = PBXFileReference; fileEncoding = 4; lastKnownFileType = sourcecode.c.objc; name = EventManager.m; path = ../EventManager.m; sourceTree = "<group>"; };
		C20D62521C25C32E00F52991 /* EventsForACalendarViewController.h */ = {isa = PBXFileReference; fileEncoding = 4; lastKnownFileType = sourcecode.c.h; path = EventsForACalendarViewController.h; sourceTree = "<group>"; };
		C20D62531C25C32F00F52991 /* EventsForACalendarViewController.m */ = {isa = PBXFileReference; fileEncoding = 4; lastKnownFileType = sourcecode.c.objc; path = EventsForACalendarViewController.m; sourceTree = "<group>"; };
		C20D62551C25C9AE00F52991 /* CalendarsViewController.h */ = {isa = PBXFileReference; fileEncoding = 4; lastKnownFileType = sourcecode.c.h; path = CalendarsViewController.h; sourceTree = "<group>"; };
		C20D62561C25C9AE00F52991 /* CalendarsViewController.m */ = {isa = PBXFileReference; fileEncoding = 4; lastKnownFileType = sourcecode.c.objc; path = CalendarsViewController.m; sourceTree = "<group>"; };
		C20D62581C25C9BE00F52991 /* EditEventViewController.h */ = {isa = PBXFileReference; fileEncoding = 4; lastKnownFileType = sourcecode.c.h; path = EditEventViewController.h; sourceTree = "<group>"; };
		C20D62591C25C9BE00F52991 /* EditEventViewController.m */ = {isa = PBXFileReference; fileEncoding = 4; lastKnownFileType = sourcecode.c.objc; path = EditEventViewController.m; sourceTree = "<group>"; };
		C20D625E1C2670A300F52991 /* DatePickerViewController.h */ = {isa = PBXFileReference; fileEncoding = 4; lastKnownFileType = sourcecode.c.h; path = DatePickerViewController.h; sourceTree = "<group>"; };
		C20D625F1C2670A300F52991 /* DatePickerViewController.m */ = {isa = PBXFileReference; fileEncoding = 4; lastKnownFileType = sourcecode.c.objc; path = DatePickerViewController.m; sourceTree = "<group>"; };
		C22837751C5BC083000E97C2 /* IITRLocationsInfo.json */ = {isa = PBXFileReference; fileEncoding = 4; lastKnownFileType = text.json; path = IITRLocationsInfo.json; sourceTree = "<group>"; };
		C228377A1C5BE859000E97C2 /* GoogleMapDirectionService.h */ = {isa = PBXFileReference; fileEncoding = 4; lastKnownFileType = sourcecode.c.h; path = GoogleMapDirectionService.h; sourceTree = "<group>"; };
		C228377B1C5BE859000E97C2 /* GoogleMapDirectionService.m */ = {isa = PBXFileReference; fileEncoding = 4; lastKnownFileType = sourcecode.c.objc; path = GoogleMapDirectionService.m; sourceTree = "<group>"; };
		C27A8D8A1D77499B00AB4042 /* Bolts.framework */ = {isa = PBXFileReference; lastKnownFileType = wrapper.framework; path = Bolts.framework; sourceTree = "<group>"; };
		C27A8D901D774AEC00AB4042 /* ChooseFbPageViewController.h */ = {isa = PBXFileReference; fileEncoding = 4; lastKnownFileType = sourcecode.c.h; path = ChooseFbPageViewController.h; sourceTree = "<group>"; };
		C27A8D911D774AEC00AB4042 /* ChooseFbPageViewController.m */ = {isa = PBXFileReference; fileEncoding = 4; lastKnownFileType = sourcecode.c.objc; path = ChooseFbPageViewController.m; sourceTree = "<group>"; };
		C27A8D931D774BAA00AB4042 /* FBCustomWithPicTableViewCell.xib */ = {isa = PBXFileReference; fileEncoding = 4; lastKnownFileType = file.xib; path = FBCustomWithPicTableViewCell.xib; sourceTree = "<group>"; };
		C27A8D941D774BAA00AB4042 /* FBCustomNoPicTableViewCell.xib */ = {isa = PBXFileReference; fileEncoding = 4; lastKnownFileType = file.xib; path = FBCustomNoPicTableViewCell.xib; sourceTree = "<group>"; };
		C27A8D951D774BAA00AB4042 /* FBCustomNoPicTableViewCell.h */ = {isa = PBXFileReference; fileEncoding = 4; lastKnownFileType = sourcecode.c.h; path = FBCustomNoPicTableViewCell.h; sourceTree = "<group>"; };
		C27A8D961D774BAA00AB4042 /* FBCustomNoPicTableViewCell.m */ = {isa = PBXFileReference; fileEncoding = 4; lastKnownFileType = sourcecode.c.objc; path = FBCustomNoPicTableViewCell.m; sourceTree = "<group>"; };
		C27A8D971D774BAA00AB4042 /* FBCustomWithPicTableViewCell.h */ = {isa = PBXFileReference; fileEncoding = 4; lastKnownFileType = sourcecode.c.h; path = FBCustomWithPicTableViewCell.h; sourceTree = "<group>"; };
		C27A8D981D774BAA00AB4042 /* FBCustomWithPicTableViewCell.m */ = {isa = PBXFileReference; fileEncoding = 4; lastKnownFileType = sourcecode.c.objc; path = FBCustomWithPicTableViewCell.m; sourceTree = "<group>"; };
		C27A8D9E1D774CE900AB4042 /* DetailFbPostViewController.h */ = {isa = PBXFileReference; fileEncoding = 4; lastKnownFileType = sourcecode.c.h; path = DetailFbPostViewController.h; sourceTree = "<group>"; };
		C27A8D9F1D774CE900AB4042 /* DetailFbPostViewController.m */ = {isa = PBXFileReference; fileEncoding = 4; lastKnownFileType = sourcecode.c.objc; path = DetailFbPostViewController.m; sourceTree = "<group>"; };
		C27A8DA11D774D5D00AB4042 /* ListOfFbPostsViewController.h */ = {isa = PBXFileReference; fileEncoding = 4; lastKnownFileType = sourcecode.c.h; path = ListOfFbPostsViewController.h; sourceTree = "<group>"; };
		C27A8DA21D774D5D00AB4042 /* ListOfFbPostsViewController.m */ = {isa = PBXFileReference; fileEncoding = 4; lastKnownFileType = sourcecode.c.objc; path = ListOfFbPostsViewController.m; sourceTree = "<group>"; };
		C27A8DA41D77520200AB4042 /* Prof icon.png */ = {isa = PBXFileReference; lastKnownFileType = image.png; path = "Prof icon.png"; sourceTree = "<group>"; };
		C28C19431C3FF8500088EEF4 /* FBSDKCoreKit.framework */ = {isa = PBXFileReference; lastKnownFileType = wrapper.framework; path = FBSDKCoreKit.framework; sourceTree = "<group>"; };
		C28C19441C3FF8500088EEF4 /* FBSDKLoginKit.framework */ = {isa = PBXFileReference; lastKnownFileType = wrapper.framework; path = FBSDKLoginKit.framework; sourceTree = "<group>"; };
		C28C19451C3FF8500088EEF4 /* FBSDKShareKit.framework */ = {isa = PBXFileReference; lastKnownFileType = wrapper.framework; path = FBSDKShareKit.framework; sourceTree = "<group>"; };
		C29E1B0B1C6F311F00BBA29C /* ShowPageViewController.h */ = {isa = PBXFileReference; fileEncoding = 4; lastKnownFileType = sourcecode.c.h; path = ShowPageViewController.h; sourceTree = "<group>"; };
		C29E1B0C1C6F311F00BBA29C /* ShowPageViewController.m */ = {isa = PBXFileReference; fileEncoding = 4; lastKnownFileType = sourcecode.c.objc; path = ShowPageViewController.m; sourceTree = "<group>"; };
		C29E1B0E1C6F324800BBA29C /* PageContentViewController.h */ = {isa = PBXFileReference; fileEncoding = 4; lastKnownFileType = sourcecode.c.h; path = PageContentViewController.h; sourceTree = "<group>"; };
		C29E1B0F1C6F324800BBA29C /* PageContentViewController.m */ = {isa = PBXFileReference; fileEncoding = 4; lastKnownFileType = sourcecode.c.objc; path = PageContentViewController.m; sourceTree = "<group>"; };
		C29E1B111C6F345000BBA29C /* page1.png */ = {isa = PBXFileReference; lastKnownFileType = image.png; path = page1.png; sourceTree = "<group>"; };
		C29E1B121C6F345000BBA29C /* page2.png */ = {isa = PBXFileReference; lastKnownFileType = image.png; path = page2.png; sourceTree = "<group>"; };
		C29E1B131C6F345000BBA29C /* page3.png */ = {isa = PBXFileReference; lastKnownFileType = image.png; path = page3.png; sourceTree = "<group>"; };
		C29E1B141C6F345000BBA29C /* page4.png */ = {isa = PBXFileReference; lastKnownFileType = image.png; path = page4.png; sourceTree = "<group>"; };
		C2AD0DFF1C62B85900B77294 /* MessageUI.framework */ = {isa = PBXFileReference; lastKnownFileType = wrapper.framework; name = MessageUI.framework; path = System/Library/Frameworks/MessageUI.framework; sourceTree = SDKROOT; };
		C2AF5E041CDA8AB000A3DD45 /* animal-element-7.png */ = {isa = PBXFileReference; lastKnownFileType = image.png; name = "animal-element-7.png"; path = "Facebook profile pics/animal-element-7.png"; sourceTree = "<group>"; };
		C2AF5E051CDA8AB000A3DD45 /* bell-7.png */ = {isa = PBXFileReference; lastKnownFileType = image.png; name = "bell-7.png"; path = "Facebook profile pics/bell-7.png"; sourceTree = "<group>"; };
		C2AF5E061CDA8AB000A3DD45 /* calendar-7.png */ = {isa = PBXFileReference; lastKnownFileType = image.png; name = "calendar-7.png"; path = "Facebook profile pics/calendar-7.png"; sourceTree = "<group>"; };
		C2AF5E071CDA8AB000A3DD45 /* compass-point-7.png */ = {isa = PBXFileReference; lastKnownFileType = image.png; name = "compass-point-7.png"; path = "Facebook profile pics/compass-point-7.png"; sourceTree = "<group>"; };
		C2AF5E081CDA8AB000A3DD45 /* house-7.png */ = {isa = PBXFileReference; lastKnownFileType = image.png; name = "house-7.png"; path = "Facebook profile pics/house-7.png"; sourceTree = "<group>"; };
		C2D914D01C69EDC800925E1B /* checkmark.png */ = {isa = PBXFileReference; lastKnownFileType = image.png; path = checkmark.png; sourceTree = "<group>"; };
		D04D52161C6EFEEA46B10004 /* Pods-RLandApp.debug.xcconfig */ = {isa = PBXFileReference; includeInIndex = 1; lastKnownFileType = text.xcconfig; name = "Pods-RLandApp.debug.xcconfig"; path = "Pods/Target Support Files/Pods-RLandApp/Pods-RLandApp.debug.xcconfig"; sourceTree = "<group>"; };
		E0CF91F2798AE9BEC8D870DB /* Pods-RLandAppTests.debug.xcconfig */ = {isa = PBXFileReference; includeInIndex = 1; lastKnownFileType = text.xcconfig; name = "Pods-RLandAppTests.debug.xcconfig"; path = "Pods/Target Support Files/Pods-RLandAppTests/Pods-RLandAppTests.debug.xcconfig"; sourceTree = "<group>"; };
		E8C5DD7B9A38BF4D41B61AD5 /* Pods-RLandApp.release.xcconfig */ = {isa = PBXFileReference; includeInIndex = 1; lastKnownFileType = text.xcconfig; name = "Pods-RLandApp.release.xcconfig"; path = "Pods/Target Support Files/Pods-RLandApp/Pods-RLandApp.release.xcconfig"; sourceTree = "<group>"; };
		EAF87DF9AE30D6F2A5F0FCD7 /* Pods-RLandAppUITests.release.xcconfig */ = {isa = PBXFileReference; includeInIndex = 1; lastKnownFileType = text.xcconfig; name = "Pods-RLandAppUITests.release.xcconfig"; path = "Pods/Target Support Files/Pods-RLandAppUITests/Pods-RLandAppUITests.release.xcconfig"; sourceTree = "<group>"; };
/* End PBXFileReference section */

/* Begin PBXFrameworksBuildPhase section */
		C20D61981C21BEE500F52991 /* Frameworks */ = {
			isa = PBXFrameworksBuildPhase;
			buildActionMask = 2147483647;
			files = (
				439C24601D75DDAE00440456 /* Contacts.framework in Frameworks */,
				439C24611D75DDAE00440456 /* ContactsUI.framework in Frameworks */,
				C2AD0E001C62B85900B77294 /* MessageUI.framework in Frameworks */,
				C28C19481C3FF8500088EEF4 /* FBSDKShareKit.framework in Frameworks */,
				C20D61E01C21C11300F52991 /* UIKit.framework in Frameworks */,
				C28C19461C3FF8500088EEF4 /* FBSDKCoreKit.framework in Frameworks */,
				C27A8D8B1D77499B00AB4042 /* Bolts.framework in Frameworks */,
				C28C19471C3FF8500088EEF4 /* FBSDKLoginKit.framework in Frameworks */,
				D3A1BAAA9C16F886A5CAB0DD /* libPods-RLandApp.a in Frameworks */,
			);
			runOnlyForDeploymentPostprocessing = 0;
		};
		C20D61B41C21BEE500F52991 /* Frameworks */ = {
			isa = PBXFrameworksBuildPhase;
			buildActionMask = 2147483647;
			files = (
				2F1032E2689F7DE5D1E30420 /* libPods-RLandAppTests.a in Frameworks */,
			);
			runOnlyForDeploymentPostprocessing = 0;
		};
		C20D61BF1C21BEE600F52991 /* Frameworks */ = {
			isa = PBXFrameworksBuildPhase;
			buildActionMask = 2147483647;
			files = (
				FE5EAA6DC50ED13A0170A699 /* libPods-RLandAppUITests.a in Frameworks */,
			);
			runOnlyForDeploymentPostprocessing = 0;
		};
/* End PBXFrameworksBuildPhase section */

/* Begin PBXGroup section */
		07A614EB2859BC9B8DF996BC /* Pods */ = {
			isa = PBXGroup;
			children = (
				D04D52161C6EFEEA46B10004 /* Pods-RLandApp.debug.xcconfig */,
				3BEB460B5A5250F28F76995E /* Pods-RLandApp.release.xcconfig */,
				E0CF91F2798AE9BEC8D870DB /* Pods-RLandAppTests.debug.xcconfig */,
				28B0D65CDFC7FCFD2273E7E1 /* Pods-RLandAppTests.release.xcconfig */,
				AF57083D759E98148C610A80 /* Pods-RLandAppUITests.debug.xcconfig */,
				A5FAE15CEAC3EF377A74AA3D /* Pods-RLandAppUITests.release.xcconfig */,
			);
			name = Pods;
			path = ..;
			sourceTree = "<group>";
		};
		439C24621D75DDD500440456 /* Contacts (Swift) */ = {
			isa = PBXGroup;
			children = (
				439C24641D75DDE800440456 /* DepartmentsTableViewController.swift */,
				439C24651D75DDE800440456 /* DepartmentProfTableViewControllerTableViewController.swift */,
				439C24661D75DDE800440456 /* ProfContactTableViewCell.swift */,
				439C24671D75DDE800440456 /* ContactInfoTableViewCell.swift */,
				439C24681D75DDE800440456 /* ContactInfoViewController.swift */,
				439C24691D75DDE800440456 /* DepartmentTableViewCell.swift */,
				439C246A1D75DDE800440456 /* ContactInfoTableViewController.swift */,
				439C246B1D75DDE800440456 /* ProfContactCell.swift */,
				C27A8DA41D77520200AB4042 /* Prof icon.png */,
				439C246D1D75DDE800440456 /* ContactInfoThumbnail.png */,
				439C246E1D75DDE800440456 /* 180.png */,
				439C246F1D75DDE800440456 /* ProfessorContactatIItR.json */,
				439C24701D75DDE800440456 /* DepartmentCell.swift */,
				439C24631D75DDE700440456 /* RLandApp-Bridging-Header.h */,
			);
			name = "Contacts (Swift)";
			sourceTree = "<group>";
		};
		C20D61921C21BEE400F52991 = {
			isa = PBXGroup;
			children = (
				C20D619D1C21BEE500F52991 /* RLandApp */,
				C28C19491C3FF8560088EEF4 /* Frameworks */,
				C20D61DE1C21C0CC00F52991 /* Not Used Much */,
				F42E68FEB7EBC53C46202EFC /* Pods */,
			);
			sourceTree = "<group>";
		};
		C20D619C1C21BEE500F52991 /* Products */ = {
			isa = PBXGroup;
			children = (
				C20D619B1C21BEE500F52991 /* RLandApp.app */,
				C20D61B71C21BEE500F52991 /* RLandAppTests.xctest */,
				C20D61C21C21BEE600F52991 /* RLandAppUITests.xctest */,
			);
			name = Products;
			path = ..;
			sourceTree = "<group>";
		};
		C20D619D1C21BEE500F52991 /* RLandApp */ = {
			isa = PBXGroup;
			children = (
				C20D61A11C21BEE500F52991 /* AppDelegate.h */,
				C20D61A21C21BEE500F52991 /* AppDelegate.m */,
				C20D61A71C21BEE500F52991 /* Main.storyboard */,
				C20D61B21C21BEE500F52991 /* Info.plist */,
				C20D61AD1C21BEE500F52991 /* Assets.xcassets */,
				C27A8D891D77481C00AB4042 /* Tabbar */,
				C27A8D871D7747C500AB4042 /* Walkthrough Page */,
				C2C2EE931C5D2BBE006046E8 /* Maps */,
				C20D61F31C228AFE00F52991 /* Fb Posts */,
				439C24621D75DDD500440456 /* Contacts (Swift) */,
				C20D624E1C25BE7100F52991 /* EventsAndReminders */,
			);
			path = RLandApp;
			sourceTree = "<group>";
		};
		C20D619E1C21BEE500F52991 /* Supporting Files */ = {
			isa = PBXGroup;
			children = (
				C20D619F1C21BEE500F52991 /* main.m */,
			);
			name = "Supporting Files";
			sourceTree = "<group>";
		};
		C20D61BA1C21BEE500F52991 /* RLandAppTests */ = {
			isa = PBXGroup;
			children = (
				C20D61BB1C21BEE500F52991 /* RLandAppTests.m */,
				C20D61BD1C21BEE500F52991 /* Info.plist */,
			);
			path = RLandAppTests;
			sourceTree = SOURCE_ROOT;
		};
		C20D61C51C21BEE600F52991 /* RLandAppUITests */ = {
			isa = PBXGroup;
			children = (
				C20D61C61C21BEE600F52991 /* RLandAppUITests.m */,
				C20D61C81C21BEE600F52991 /* Info.plist */,
			);
			path = RLandAppUITests;
			sourceTree = SOURCE_ROOT;
		};
		C20D61DE1C21C0CC00F52991 /* Not Used Much */ = {
			isa = PBXGroup;
			children = (
				C20D619E1C21BEE500F52991 /* Supporting Files */,
				C20D61BA1C21BEE500F52991 /* RLandAppTests */,
				C20D61C51C21BEE600F52991 /* RLandAppUITests */,
				C20D619C1C21BEE500F52991 /* Products */,
				07A614EB2859BC9B8DF996BC /* Pods */,
				C20D61AF1C21BEE500F52991 /* LaunchScreen.storyboard */,
				C20D61AA1C21BEE500F52991 /* RLandApp.xcdatamodeld */,
			);
			name = "Not Used Much";
			path = RLandApp;
			sourceTree = "<group>";
		};
		C20D61F31C228AFE00F52991 /* Fb Posts */ = {
			isa = PBXGroup;
			children = (
				C2D914D01C69EDC800925E1B /* checkmark.png */,
				C27A8D901D774AEC00AB4042 /* ChooseFbPageViewController.h */,
				C27A8D911D774AEC00AB4042 /* ChooseFbPageViewController.m */,
				C27A8DA11D774D5D00AB4042 /* ListOfFbPostsViewController.h */,
				C27A8DA21D774D5D00AB4042 /* ListOfFbPostsViewController.m */,
				C27A8D9D1D774BB200AB4042 /* Cells */,
				C27A8D9E1D774CE900AB4042 /* DetailFbPostViewController.h */,
				C27A8D9F1D774CE900AB4042 /* DetailFbPostViewController.m */,
			);
			name = "Fb Posts";
			sourceTree = "<group>";
		};
		C20D624E1C25BE7100F52991 /* EventsAndReminders */ = {
			isa = PBXGroup;
			children = (
				C20D624F1C25BED300F52991 /* EventManager.h */,
				C20D62501C25BED300F52991 /* EventManager.m */,
				C20D62521C25C32E00F52991 /* EventsForACalendarViewController.h */,
				C20D62531C25C32F00F52991 /* EventsForACalendarViewController.m */,
				C20D61E71C21EDE600F52991 /* CreateAlertViewController.h */,
				C20D61E81C21EDE600F52991 /* CreateAlertViewController.m */,
				C20D62551C25C9AE00F52991 /* CalendarsViewController.h */,
				C20D62561C25C9AE00F52991 /* CalendarsViewController.m */,
				C20D62581C25C9BE00F52991 /* EditEventViewController.h */,
				C20D62591C25C9BE00F52991 /* EditEventViewController.m */,
				C20D625E1C2670A300F52991 /* DatePickerViewController.h */,
				C20D625F1C2670A300F52991 /* DatePickerViewController.m */,
			);
			name = EventsAndReminders;
			sourceTree = "<group>";
		};
		C27A8D871D7747C500AB4042 /* Walkthrough Page */ = {
			isa = PBXGroup;
			children = (
				C20D61E11C21C13E00F52991 /* HomePageViewController.h */,
				C20D61E21C21C13E00F52991 /* HomePageViewController.m */,
				C29E1B0B1C6F311F00BBA29C /* ShowPageViewController.h */,
				C29E1B0C1C6F311F00BBA29C /* ShowPageViewController.m */,
				C29E1B0E1C6F324800BBA29C /* PageContentViewController.h */,
				C29E1B0F1C6F324800BBA29C /* PageContentViewController.m */,
				C27A8D881D7747F900AB4042 /* Walkthrough Images */,
			);
			name = "Walkthrough Page";
			sourceTree = "<group>";
		};
		C27A8D881D7747F900AB4042 /* Walkthrough Images */ = {
			isa = PBXGroup;
			children = (
				C29E1B111C6F345000BBA29C /* page1.png */,
				C29E1B121C6F345000BBA29C /* page2.png */,
				C29E1B131C6F345000BBA29C /* page3.png */,
				C29E1B141C6F345000BBA29C /* page4.png */,
			);
			name = "Walkthrough Images";
			sourceTree = "<group>";
		};
		C27A8D891D77481C00AB4042 /* Tabbar */ = {
			isa = PBXGroup;
			children = (
				C28C19511C400A4F0088EEF4 /* TabBarImages */,
				C20D61F41C22956100F52991 /* theTabBarViewController.h */,
				C20D61F51C22956100F52991 /* theTabBarViewController.m */,
			);
			name = Tabbar;
			sourceTree = "<group>";
		};
		C27A8D9D1D774BB200AB4042 /* Cells */ = {
			isa = PBXGroup;
			children = (
				C27A8D931D774BAA00AB4042 /* FBCustomWithPicTableViewCell.xib */,
				C27A8D941D774BAA00AB4042 /* FBCustomNoPicTableViewCell.xib */,
				C27A8D951D774BAA00AB4042 /* FBCustomNoPicTableViewCell.h */,
				C27A8D961D774BAA00AB4042 /* FBCustomNoPicTableViewCell.m */,
				C27A8D971D774BAA00AB4042 /* FBCustomWithPicTableViewCell.h */,
				C27A8D981D774BAA00AB4042 /* FBCustomWithPicTableViewCell.m */,
			);
			name = Cells;
			sourceTree = "<group>";
		};
		C28C19491C3FF8560088EEF4 /* Frameworks */ = {
			isa = PBXGroup;
			children = (
				C27A8D8A1D77499B00AB4042 /* Bolts.framework */,
				439C245E1D75DDAE00440456 /* Contacts.framework */,
				439C245F1D75DDAE00440456 /* ContactsUI.framework */,
				C2AD0DFF1C62B85900B77294 /* MessageUI.framework */,
				C28C19431C3FF8500088EEF4 /* FBSDKCoreKit.framework */,
				C28C19441C3FF8500088EEF4 /* FBSDKLoginKit.framework */,
				C28C19451C3FF8500088EEF4 /* FBSDKShareKit.framework */,
				C20D61DF1C21C11300F52991 /* UIKit.framework */,
				2F0899A648476F571C8CDB19 /* libPods-RLandApp.a */,
				304BC2C6D4EAEE8149C5A5FD /* libPods-RLandAppTests.a */,
				56A0D9446344F3541E8A3538 /* libPods-RLandAppUITests.a */,
			);
			name = Frameworks;
			sourceTree = "<group>";
		};
		C28C19511C400A4F0088EEF4 /* TabBarImages */ = {
			isa = PBXGroup;
			children = (
				C2AF5E041CDA8AB000A3DD45 /* animal-element-7.png */,
				C2AF5E051CDA8AB000A3DD45 /* bell-7.png */,
				C2AF5E061CDA8AB000A3DD45 /* calendar-7.png */,
				C2AF5E071CDA8AB000A3DD45 /* compass-point-7.png */,
				C2AF5E081CDA8AB000A3DD45 /* house-7.png */,
			);
			name = TabBarImages;
			path = ..;
			sourceTree = "<group>";
		};
		C2C2EE931C5D2BBE006046E8 /* Maps */ = {
			isa = PBXGroup;
			children = (
				C20D61D71C21C04400F52991 /* MapsViewController.h */,
				C20D61D81C21C04400F52991 /* MapsViewController.m */,
				C209F7821C5C2B1900CEB284 /* ListOfPlacesViewController.h */,
				C209F7831C5C2B1900CEB284 /* ListOfPlacesViewController.m */,
				C228377A1C5BE859000E97C2 /* GoogleMapDirectionService.h */,
				C228377B1C5BE859000E97C2 /* GoogleMapDirectionService.m */,
				C22837751C5BC083000E97C2 /* IITRLocationsInfo.json */,
			);
			name = Maps;
			sourceTree = "<group>";
		};
		F42E68FEB7EBC53C46202EFC /* Pods */ = {
			isa = PBXGroup;
			children = (
				7B7E6784301ABB94F700CF7C /* Pods-RLandApp.debug.xcconfig */,
				E8C5DD7B9A38BF4D41B61AD5 /* Pods-RLandApp.release.xcconfig */,
				02FEB6295DF954A4B7149115 /* Pods-RLandAppTests.debug.xcconfig */,
				4315CAD031AB6B40C39ACA8C /* Pods-RLandAppTests.release.xcconfig */,
				A2CF13B8724938C0C1314A5C /* Pods-RLandAppUITests.debug.xcconfig */,
				EAF87DF9AE30D6F2A5F0FCD7 /* Pods-RLandAppUITests.release.xcconfig */,
			);
			name = Pods;
			sourceTree = "<group>";
		};
/* End PBXGroup section */

/* Begin PBXNativeTarget section */
		C20D619A1C21BEE500F52991 /* RLandApp */ = {
			isa = PBXNativeTarget;
			buildConfigurationList = C20D61CB1C21BEE600F52991 /* Build configuration list for PBXNativeTarget "RLandApp" */;
			buildPhases = (
				A3B341B78CC96D0197DF2E4D /* [CP] Check Pods Manifest.lock */,
				C20D61971C21BEE500F52991 /* Sources */,
				C20D61981C21BEE500F52991 /* Frameworks */,
				C20D61991C21BEE500F52991 /* Resources */,
				547FB1FCD3C7455479605B22 /* [CP] Embed Pods Frameworks */,
				CBADB59F2F646F337C9B97A4 /* [CP] Copy Pods Resources */,
			);
			buildRules = (
			);
			dependencies = (
			);
			name = RLandApp;
			productName = RLandApp;
			productReference = C20D619B1C21BEE500F52991 /* RLandApp.app */;
			productType = "com.apple.product-type.application";
		};
		C20D61B61C21BEE500F52991 /* RLandAppTests */ = {
			isa = PBXNativeTarget;
			buildConfigurationList = C20D61CE1C21BEE600F52991 /* Build configuration list for PBXNativeTarget "RLandAppTests" */;
			buildPhases = (
				271625C93660657C471A5990 /* [CP] Check Pods Manifest.lock */,
				C20D61B31C21BEE500F52991 /* Sources */,
				C20D61B41C21BEE500F52991 /* Frameworks */,
				C20D61B51C21BEE500F52991 /* Resources */,
				3BB62AADE13D912AFA84017A /* [CP] Embed Pods Frameworks */,
				8990CA094483897B5530CFDE /* [CP] Copy Pods Resources */,
			);
			buildRules = (
			);
			dependencies = (
				C20D61B91C21BEE500F52991 /* PBXTargetDependency */,
			);
			name = RLandAppTests;
			productName = RLandAppTests;
			productReference = C20D61B71C21BEE500F52991 /* RLandAppTests.xctest */;
			productType = "com.apple.product-type.bundle.unit-test";
		};
		C20D61C11C21BEE600F52991 /* RLandAppUITests */ = {
			isa = PBXNativeTarget;
			buildConfigurationList = C20D61D11C21BEE600F52991 /* Build configuration list for PBXNativeTarget "RLandAppUITests" */;
			buildPhases = (
				E9BCDE91E4841E94D6A7AA52 /* [CP] Check Pods Manifest.lock */,
				C20D61BE1C21BEE600F52991 /* Sources */,
				C20D61BF1C21BEE600F52991 /* Frameworks */,
				C20D61C01C21BEE600F52991 /* Resources */,
				E5B3B326DB4D9F790BC2275B /* [CP] Copy Pods Resources */,
			);
			buildRules = (
			);
			dependencies = (
				C20D61C41C21BEE600F52991 /* PBXTargetDependency */,
			);
			name = RLandAppUITests;
			productName = RLandAppUITests;
			productReference = C20D61C21C21BEE600F52991 /* RLandAppUITests.xctest */;
			productType = "com.apple.product-type.bundle.ui-testing";
		};
/* End PBXNativeTarget section */

/* Begin PBXProject section */
		C20D61931C21BEE500F52991 /* Project object */ = {
			isa = PBXProject;
			attributes = {
				LastSwiftUpdateCheck = 0730;
				LastUpgradeCheck = 0700;
				ORGANIZATIONNAME = Self;
				TargetAttributes = {
					C20D619A1C21BEE500F52991 = {
						CreatedOnToolsVersion = 7.0;
						DevelopmentTeam = KE77J4DPEA;
					};
					C20D61B61C21BEE500F52991 = {
						CreatedOnToolsVersion = 7.0;
						DevelopmentTeam = KE77J4DPEA;
						TestTargetID = C20D619A1C21BEE500F52991;
					};
					C20D61C11C21BEE600F52991 = {
						CreatedOnToolsVersion = 7.0;
						DevelopmentTeam = KE77J4DPEA;
						TestTargetID = C20D619A1C21BEE500F52991;
					};
				};
			};
			buildConfigurationList = C20D61961C21BEE500F52991 /* Build configuration list for PBXProject "RLandApp" */;
			compatibilityVersion = "Xcode 3.2";
			developmentRegion = English;
			hasScannedForEncodings = 0;
			knownRegions = (
				en,
				Base,
			);
			mainGroup = C20D61921C21BEE400F52991;
			productRefGroup = C20D619C1C21BEE500F52991 /* Products */;
			projectDirPath = "";
			projectRoot = "";
			targets = (
				C20D619A1C21BEE500F52991 /* RLandApp */,
				C20D61B61C21BEE500F52991 /* RLandAppTests */,
				C20D61C11C21BEE600F52991 /* RLandAppUITests */,
			);
		};
/* End PBXProject section */

/* Begin PBXResourcesBuildPhase section */
		C20D61991C21BEE500F52991 /* Resources */ = {
			isa = PBXResourcesBuildPhase;
			buildActionMask = 2147483647;
			files = (
				C2AF5E091CDA8AB000A3DD45 /* animal-element-7.png in Resources */,
				C27A8DA51D77520200AB4042 /* Prof icon.png in Resources */,
				C2AF5E0D1CDA8AB000A3DD45 /* house-7.png in Resources */,
				C22837761C5BC083000E97C2 /* IITRLocationsInfo.json in Resources */,
				C20D61B11C21BEE500F52991 /* LaunchScreen.storyboard in Resources */,
				C2AF5E0A1CDA8AB000A3DD45 /* bell-7.png in Resources */,
				439C247C1D75DDE800440456 /* ProfessorContactatIItR.json in Resources */,
				C27A8D991D774BAA00AB4042 /* FBCustomWithPicTableViewCell.xib in Resources */,
				439C247A1D75DDE800440456 /* ContactInfoThumbnail.png in Resources */,
				C29E1B181C6F345000BBA29C /* page4.png in Resources */,
				C2AF5E0B1CDA8AB000A3DD45 /* calendar-7.png in Resources */,
				C29E1B151C6F345000BBA29C /* page1.png in Resources */,
				C20D61AE1C21BEE500F52991 /* Assets.xcassets in Resources */,
				C29E1B161C6F345000BBA29C /* page2.png in Resources */,
				C27A8D9A1D774BAA00AB4042 /* FBCustomNoPicTableViewCell.xib in Resources */,
				C29E1B171C6F345000BBA29C /* page3.png in Resources */,
				C2D914D11C69EDC800925E1B /* checkmark.png in Resources */,
				439C247B1D75DDE800440456 /* 180.png in Resources */,
				C20D61A91C21BEE500F52991 /* Main.storyboard in Resources */,
				C2AF5E0C1CDA8AB000A3DD45 /* compass-point-7.png in Resources */,
			);
			runOnlyForDeploymentPostprocessing = 0;
		};
		C20D61B51C21BEE500F52991 /* Resources */ = {
			isa = PBXResourcesBuildPhase;
			buildActionMask = 2147483647;
			files = (
			);
			runOnlyForDeploymentPostprocessing = 0;
		};
		C20D61C01C21BEE600F52991 /* Resources */ = {
			isa = PBXResourcesBuildPhase;
			buildActionMask = 2147483647;
			files = (
			);
			runOnlyForDeploymentPostprocessing = 0;
		};
/* End PBXResourcesBuildPhase section */

/* Begin PBXShellScriptBuildPhase section */
		271625C93660657C471A5990 /* [CP] Check Pods Manifest.lock */ = {
			isa = PBXShellScriptBuildPhase;
			buildActionMask = 2147483647;
			files = (
			);
			inputPaths = (
			);
			name = "[CP] Check Pods Manifest.lock";
			outputPaths = (
			);
			runOnlyForDeploymentPostprocessing = 0;
			shellPath = /bin/sh;
			shellScript = "diff \"${PODS_ROOT}/../Podfile.lock\" \"${PODS_ROOT}/Manifest.lock\" > /dev/null\nif [[ $? != 0 ]] ; then\n    cat << EOM\nerror: The sandbox is not in sync with the Podfile.lock. Run 'pod install' or update your CocoaPods installation.\nEOM\n    exit 1\nfi\n";
			showEnvVarsInLog = 0;
		};
		3BB62AADE13D912AFA84017A /* [CP] Embed Pods Frameworks */ = {
			isa = PBXShellScriptBuildPhase;
			buildActionMask = 2147483647;
			files = (
			);
			inputPaths = (
			);
			name = "[CP] Embed Pods Frameworks";
			outputPaths = (
			);
			runOnlyForDeploymentPostprocessing = 0;
			shellPath = /bin/sh;
			shellScript = "\"${SRCROOT}/Pods/Target Support Files/Pods-RLandAppTests/Pods-RLandAppTests-frameworks.sh\"\n";
			showEnvVarsInLog = 0;
		};
		547FB1FCD3C7455479605B22 /* [CP] Embed Pods Frameworks */ = {
			isa = PBXShellScriptBuildPhase;
			buildActionMask = 2147483647;
			files = (
			);
			inputPaths = (
			);
			name = "[CP] Embed Pods Frameworks";
			outputPaths = (
			);
			runOnlyForDeploymentPostprocessing = 0;
			shellPath = /bin/sh;
			shellScript = "\"${SRCROOT}/Pods/Target Support Files/Pods-RLandApp/Pods-RLandApp-frameworks.sh\"\n";
			showEnvVarsInLog = 0;
		};
		8990CA094483897B5530CFDE /* [CP] Copy Pods Resources */ = {
			isa = PBXShellScriptBuildPhase;
			buildActionMask = 2147483647;
			files = (
			);
			inputPaths = (
			);
			name = "[CP] Copy Pods Resources";
			outputPaths = (
			);
			runOnlyForDeploymentPostprocessing = 0;
			shellPath = /bin/sh;
			shellScript = "\"${SRCROOT}/Pods/Target Support Files/Pods-RLandAppTests/Pods-RLandAppTests-resources.sh\"\n";
			showEnvVarsInLog = 0;
		};
		A3B341B78CC96D0197DF2E4D /* [CP] Check Pods Manifest.lock */ = {
			isa = PBXShellScriptBuildPhase;
			buildActionMask = 2147483647;
			files = (
			);
			inputPaths = (
			);
			name = "[CP] Check Pods Manifest.lock";
			outputPaths = (
			);
			runOnlyForDeploymentPostprocessing = 0;
			shellPath = /bin/sh;
			shellScript = "diff \"${PODS_ROOT}/../Podfile.lock\" \"${PODS_ROOT}/Manifest.lock\" > /dev/null\nif [[ $? != 0 ]] ; then\n    cat << EOM\nerror: The sandbox is not in sync with the Podfile.lock. Run 'pod install' or update your CocoaPods installation.\nEOM\n    exit 1\nfi\n";
			showEnvVarsInLog = 0;
		};
		CBADB59F2F646F337C9B97A4 /* [CP] Copy Pods Resources */ = {
			isa = PBXShellScriptBuildPhase;
			buildActionMask = 2147483647;
			files = (
			);
			inputPaths = (
			);
			name = "[CP] Copy Pods Resources";
			outputPaths = (
			);
			runOnlyForDeploymentPostprocessing = 0;
			shellPath = /bin/sh;
			shellScript = "\"${SRCROOT}/Pods/Target Support Files/Pods-RLandApp/Pods-RLandApp-resources.sh\"\n";
			showEnvVarsInLog = 0;
		};
		E5B3B326DB4D9F790BC2275B /* [CP] Copy Pods Resources */ = {
			isa = PBXShellScriptBuildPhase;
			buildActionMask = 2147483647;
			files = (
			);
			inputPaths = (
			);
			name = "[CP] Copy Pods Resources";
			outputPaths = (
			);
			runOnlyForDeploymentPostprocessing = 0;
			shellPath = /bin/sh;
			shellScript = "\"${SRCROOT}/Pods/Target Support Files/Pods-RLandAppUITests/Pods-RLandAppUITests-resources.sh\"\n";
			showEnvVarsInLog = 0;
		};
		E9BCDE91E4841E94D6A7AA52 /* [CP] Check Pods Manifest.lock */ = {
			isa = PBXShellScriptBuildPhase;
			buildActionMask = 2147483647;
			files = (
			);
			inputPaths = (
			);
			name = "[CP] Check Pods Manifest.lock";
			outputPaths = (
			);
			runOnlyForDeploymentPostprocessing = 0;
			shellPath = /bin/sh;
			shellScript = "diff \"${PODS_ROOT}/../Podfile.lock\" \"${PODS_ROOT}/Manifest.lock\" > /dev/null\nif [[ $? != 0 ]] ; then\n    cat << EOM\nerror: The sandbox is not in sync with the Podfile.lock. Run 'pod install' or update your CocoaPods installation.\nEOM\n    exit 1\nfi\n";
			showEnvVarsInLog = 0;
		};
/* End PBXShellScriptBuildPhase section */

/* Begin PBXSourcesBuildPhase section */
		C20D61971C21BEE500F52991 /* Sources */ = {
			isa = PBXSourcesBuildPhase;
			buildActionMask = 2147483647;
			files = (
				C29E1B0D1C6F311F00BBA29C /* ShowPageViewController.m in Sources */,
				C20D62601C2670A300F52991 /* DatePickerViewController.m in Sources */,
				439C24751D75DDE800440456 /* ContactInfoViewController.swift in Sources */,
				C20D61A31C21BEE500F52991 /* AppDelegate.m in Sources */,
				C29E1B101C6F324800BBA29C /* PageContentViewController.m in Sources */,
				C27A8DA31D774D5D00AB4042 /* ListOfFbPostsViewController.m in Sources */,
				C27A8D921D774AEC00AB4042 /* ChooseFbPageViewController.m in Sources */,
				C20D62511C25BED300F52991 /* EventManager.m in Sources */,
				439C24731D75DDE800440456 /* ProfContactTableViewCell.swift in Sources */,
				C20D625A1C25C9BE00F52991 /* EditEventViewController.m in Sources */,
				C20D62541C25C32F00F52991 /* EventsForACalendarViewController.m in Sources */,
				439C24721D75DDE800440456 /* DepartmentProfTableViewControllerTableViewController.swift in Sources */,
				C27A8D9C1D774BAA00AB4042 /* FBCustomWithPicTableViewCell.m in Sources */,
				439C24711D75DDE800440456 /* DepartmentsTableViewController.swift in Sources */,
				C228377C1C5BE859000E97C2 /* GoogleMapDirectionService.m in Sources */,
				C20D61E91C21EDE600F52991 /* CreateAlertViewController.m in Sources */,
				439C24781D75DDE800440456 /* ProfContactCell.swift in Sources */,
				C20D61F61C22956100F52991 /* theTabBarViewController.m in Sources */,
				C20D61E31C21C13E00F52991 /* HomePageViewController.m in Sources */,
				439C247D1D75DDE800440456 /* DepartmentCell.swift in Sources */,
				439C24771D75DDE800440456 /* ContactInfoTableViewController.swift in Sources */,
				C20D61A01C21BEE500F52991 /* main.m in Sources */,
				439C24741D75DDE800440456 /* ContactInfoTableViewCell.swift in Sources */,
				C209F7841C5C2B1900CEB284 /* ListOfPlacesViewController.m in Sources */,
				C27A8D9B1D774BAA00AB4042 /* FBCustomNoPicTableViewCell.m in Sources */,
				C20D62571C25C9AE00F52991 /* CalendarsViewController.m in Sources */,
				C27A8DA01D774CE900AB4042 /* DetailFbPostViewController.m in Sources */,
				C20D61D91C21C04400F52991 /* MapsViewController.m in Sources */,
				439C24761D75DDE800440456 /* DepartmentTableViewCell.swift in Sources */,
				C20D61AC1C21BEE500F52991 /* RLandApp.xcdatamodeld in Sources */,
			);
			runOnlyForDeploymentPostprocessing = 0;
		};
		C20D61B31C21BEE500F52991 /* Sources */ = {
			isa = PBXSourcesBuildPhase;
			buildActionMask = 2147483647;
			files = (
				C20D61BC1C21BEE500F52991 /* RLandAppTests.m in Sources */,
			);
			runOnlyForDeploymentPostprocessing = 0;
		};
		C20D61BE1C21BEE600F52991 /* Sources */ = {
			isa = PBXSourcesBuildPhase;
			buildActionMask = 2147483647;
			files = (
				C20D61C71C21BEE600F52991 /* RLandAppUITests.m in Sources */,
			);
			runOnlyForDeploymentPostprocessing = 0;
		};
/* End PBXSourcesBuildPhase section */

/* Begin PBXTargetDependency section */
		C20D61B91C21BEE500F52991 /* PBXTargetDependency */ = {
			isa = PBXTargetDependency;
			target = C20D619A1C21BEE500F52991 /* RLandApp */;
			targetProxy = C20D61B81C21BEE500F52991 /* PBXContainerItemProxy */;
		};
		C20D61C41C21BEE600F52991 /* PBXTargetDependency */ = {
			isa = PBXTargetDependency;
			target = C20D619A1C21BEE500F52991 /* RLandApp */;
			targetProxy = C20D61C31C21BEE600F52991 /* PBXContainerItemProxy */;
		};
/* End PBXTargetDependency section */

/* Begin PBXVariantGroup section */
		C20D61A71C21BEE500F52991 /* Main.storyboard */ = {
			isa = PBXVariantGroup;
			children = (
				C20D61A81C21BEE500F52991 /* Base */,
			);
			name = Main.storyboard;
			sourceTree = "<group>";
		};
		C20D61AF1C21BEE500F52991 /* LaunchScreen.storyboard */ = {
			isa = PBXVariantGroup;
			children = (
				C20D61B01C21BEE500F52991 /* Base */,
			);
			name = LaunchScreen.storyboard;
			sourceTree = "<group>";
		};
/* End PBXVariantGroup section */

/* Begin XCBuildConfiguration section */
		C20D61C91C21BEE600F52991 /* Debug */ = {
			isa = XCBuildConfiguration;
			buildSettings = {
				ALWAYS_SEARCH_USER_PATHS = NO;
				CLANG_CXX_LANGUAGE_STANDARD = "gnu++0x";
				CLANG_CXX_LIBRARY = "libc++";
				CLANG_ENABLE_MODULES = YES;
				CLANG_ENABLE_OBJC_ARC = YES;
				CLANG_WARN_BOOL_CONVERSION = YES;
				CLANG_WARN_CONSTANT_CONVERSION = YES;
				CLANG_WARN_DIRECT_OBJC_ISA_USAGE = YES_ERROR;
				CLANG_WARN_EMPTY_BODY = YES;
				CLANG_WARN_ENUM_CONVERSION = YES;
				CLANG_WARN_INT_CONVERSION = YES;
				CLANG_WARN_OBJC_ROOT_CLASS = YES_ERROR;
				CLANG_WARN_UNREACHABLE_CODE = YES;
				CLANG_WARN__DUPLICATE_METHOD_MATCH = YES;
				"CODE_SIGN_IDENTITY[sdk=iphoneos*]" = "iPhone Developer";
				COPY_PHASE_STRIP = NO;
				DEBUG_INFORMATION_FORMAT = dwarf;
				ENABLE_STRICT_OBJC_MSGSEND = YES;
				ENABLE_TESTABILITY = YES;
				GCC_C_LANGUAGE_STANDARD = gnu99;
				GCC_DYNAMIC_NO_PIC = NO;
				GCC_NO_COMMON_BLOCKS = YES;
				GCC_OPTIMIZATION_LEVEL = 0;
				GCC_PREPROCESSOR_DEFINITIONS = (
					"DEBUG=1",
					"$(inherited)",
				);
				GCC_WARN_64_TO_32_BIT_CONVERSION = YES;
				GCC_WARN_ABOUT_RETURN_TYPE = YES_ERROR;
				GCC_WARN_UNDECLARED_SELECTOR = YES;
				GCC_WARN_UNINITIALIZED_AUTOS = YES_AGGRESSIVE;
				GCC_WARN_UNUSED_FUNCTION = YES;
				GCC_WARN_UNUSED_VARIABLE = YES;
				IPHONEOS_DEPLOYMENT_TARGET = 9.0;
				MTL_ENABLE_DEBUG_INFO = YES;
				ONLY_ACTIVE_ARCH = YES;
				SDKROOT = iphoneos;
			};
			name = Debug;
		};
		C20D61CA1C21BEE600F52991 /* Release */ = {
			isa = XCBuildConfiguration;
			buildSettings = {
				ALWAYS_SEARCH_USER_PATHS = NO;
				CLANG_CXX_LANGUAGE_STANDARD = "gnu++0x";
				CLANG_CXX_LIBRARY = "libc++";
				CLANG_ENABLE_MODULES = YES;
				CLANG_ENABLE_OBJC_ARC = YES;
				CLANG_WARN_BOOL_CONVERSION = YES;
				CLANG_WARN_CONSTANT_CONVERSION = YES;
				CLANG_WARN_DIRECT_OBJC_ISA_USAGE = YES_ERROR;
				CLANG_WARN_EMPTY_BODY = YES;
				CLANG_WARN_ENUM_CONVERSION = YES;
				CLANG_WARN_INT_CONVERSION = YES;
				CLANG_WARN_OBJC_ROOT_CLASS = YES_ERROR;
				CLANG_WARN_UNREACHABLE_CODE = YES;
				CLANG_WARN__DUPLICATE_METHOD_MATCH = YES;
				"CODE_SIGN_IDENTITY[sdk=iphoneos*]" = "iPhone Developer";
				COPY_PHASE_STRIP = NO;
				DEBUG_INFORMATION_FORMAT = "dwarf-with-dsym";
				ENABLE_NS_ASSERTIONS = NO;
				ENABLE_STRICT_OBJC_MSGSEND = YES;
				GCC_C_LANGUAGE_STANDARD = gnu99;
				GCC_NO_COMMON_BLOCKS = YES;
				GCC_WARN_64_TO_32_BIT_CONVERSION = YES;
				GCC_WARN_ABOUT_RETURN_TYPE = YES_ERROR;
				GCC_WARN_UNDECLARED_SELECTOR = YES;
				GCC_WARN_UNINITIALIZED_AUTOS = YES_AGGRESSIVE;
				GCC_WARN_UNUSED_FUNCTION = YES;
				GCC_WARN_UNUSED_VARIABLE = YES;
				IPHONEOS_DEPLOYMENT_TARGET = 9.0;
				MTL_ENABLE_DEBUG_INFO = NO;
				SDKROOT = iphoneos;
				VALIDATE_PRODUCT = YES;
			};
			name = Release;
		};
		C20D61CC1C21BEE600F52991 /* Debug */ = {
			isa = XCBuildConfiguration;
			baseConfigurationReference = D04D52161C6EFEEA46B10004 /* Pods-RLandApp.debug.xcconfig */;
			buildSettings = {
				ASSETCATALOG_COMPILER_APPICON_NAME = AppIcon;
				CLANG_ENABLE_MODULES = YES;
				FRAMEWORK_SEARCH_PATHS = (
					"$(inherited)",
					"$(PROJECT_DIR)",
					"~/Users/vikhyath/Desktop/Desktop/XCode/RLandApp/FacebookSDK",
				);
				INFOPLIST_FILE = RLandApp/Info.plist;
				LD_RUNPATH_SEARCH_PATHS = "$(inherited) @executable_path/Frameworks";
				PRODUCT_BUNDLE_IDENTIFIER = edu.self.RLandApp;
				PRODUCT_NAME = "$(TARGET_NAME)";
				SWIFT_OBJC_BRIDGING_HEADER = "RLandApp/RLandApp-Bridging-Header.h";
				SWIFT_OPTIMIZATION_LEVEL = "-Onone";
			};
			name = Debug;
		};
		C20D61CD1C21BEE600F52991 /* Release */ = {
			isa = XCBuildConfiguration;
			baseConfigurationReference = 3BEB460B5A5250F28F76995E /* Pods-RLandApp.release.xcconfig */;
			buildSettings = {
				ASSETCATALOG_COMPILER_APPICON_NAME = AppIcon;
				CLANG_ENABLE_MODULES = YES;
				FRAMEWORK_SEARCH_PATHS = (
					"$(inherited)",
					"$(PROJECT_DIR)",
					"~/Users/vikhyath/Desktop/Desktop/XCode/RLandApp/FacebookSDK",
				);
				INFOPLIST_FILE = RLandApp/Info.plist;
				LD_RUNPATH_SEARCH_PATHS = "$(inherited) @executable_path/Frameworks";
				PRODUCT_BUNDLE_IDENTIFIER = edu.self.RLandApp;
				PRODUCT_NAME = "$(TARGET_NAME)";
				SWIFT_OBJC_BRIDGING_HEADER = "RLandApp/RLandApp-Bridging-Header.h";
			};
			name = Release;
		};
		C20D61CF1C21BEE600F52991 /* Debug */ = {
			isa = XCBuildConfiguration;
			baseConfigurationReference = E0CF91F2798AE9BEC8D870DB /* Pods-RLandAppTests.debug.xcconfig */;
			buildSettings = {
				BUNDLE_LOADER = "$(TEST_HOST)";
				INFOPLIST_FILE = RLandAppTests/Info.plist;
				LD_RUNPATH_SEARCH_PATHS = "$(inherited) @executable_path/Frameworks @loader_path/Frameworks";
				PRODUCT_BUNDLE_IDENTIFIER = edu.self.RLandAppTests;
				PRODUCT_NAME = "$(TARGET_NAME)";
				TEST_HOST = "$(BUILT_PRODUCTS_DIR)/RLandApp.app/RLandApp";
			};
			name = Debug;
		};
		C20D61D01C21BEE600F52991 /* Release */ = {
			isa = XCBuildConfiguration;
			baseConfigurationReference = 28B0D65CDFC7FCFD2273E7E1 /* Pods-RLandAppTests.release.xcconfig */;
			buildSettings = {
				BUNDLE_LOADER = "$(TEST_HOST)";
				INFOPLIST_FILE = RLandAppTests/Info.plist;
				LD_RUNPATH_SEARCH_PATHS = "$(inherited) @executable_path/Frameworks @loader_path/Frameworks";
				PRODUCT_BUNDLE_IDENTIFIER = edu.self.RLandAppTests;
				PRODUCT_NAME = "$(TARGET_NAME)";
				TEST_HOST = "$(BUILT_PRODUCTS_DIR)/RLandApp.app/RLandApp";
			};
			name = Release;
		};
		C20D61D21C21BEE600F52991 /* Debug */ = {
			isa = XCBuildConfiguration;
			baseConfigurationReference = AF57083D759E98148C610A80 /* Pods-RLandAppUITests.debug.xcconfig */;
			buildSettings = {
				INFOPLIST_FILE = RLandAppUITests/Info.plist;
				LD_RUNPATH_SEARCH_PATHS = "$(inherited) @executable_path/Frameworks @loader_path/Frameworks";
				PRODUCT_BUNDLE_IDENTIFIER = edu.self.RLandAppUITests;
				PRODUCT_NAME = "$(TARGET_NAME)";
				TEST_TARGET_NAME = RLandApp;
				USES_XCTRUNNER = YES;
			};
			name = Debug;
		};
		C20D61D31C21BEE600F52991 /* Release */ = {
			isa = XCBuildConfiguration;
			baseConfigurationReference = A5FAE15CEAC3EF377A74AA3D /* Pods-RLandAppUITests.release.xcconfig */;
			buildSettings = {
				INFOPLIST_FILE = RLandAppUITests/Info.plist;
				LD_RUNPATH_SEARCH_PATHS = "$(inherited) @executable_path/Frameworks @loader_path/Frameworks";
				PRODUCT_BUNDLE_IDENTIFIER = edu.self.RLandAppUITests;
				PRODUCT_NAME = "$(TARGET_NAME)";
				TEST_TARGET_NAME = RLandApp;
				USES_XCTRUNNER = YES;
			};
			name = Release;
		};
/* End XCBuildConfiguration section */

/* Begin XCConfigurationList section */
		C20D61961C21BEE500F52991 /* Build configuration list for PBXProject "RLandApp" */ = {
			isa = XCConfigurationList;
			buildConfigurations = (
				C20D61C91C21BEE600F52991 /* Debug */,
				C20D61CA1C21BEE600F52991 /* Release */,
			);
			defaultConfigurationIsVisible = 0;
			defaultConfigurationName = Release;
		};
		C20D61CB1C21BEE600F52991 /* Build configuration list for PBXNativeTarget "RLandApp" */ = {
			isa = XCConfigurationList;
			buildConfigurations = (
				C20D61CC1C21BEE600F52991 /* Debug */,
				C20D61CD1C21BEE600F52991 /* Release */,
			);
			defaultConfigurationIsVisible = 0;
			defaultConfigurationName = Release;
		};
		C20D61CE1C21BEE600F52991 /* Build configuration list for PBXNativeTarget "RLandAppTests" */ = {
			isa = XCConfigurationList;
			buildConfigurations = (
				C20D61CF1C21BEE600F52991 /* Debug */,
				C20D61D01C21BEE600F52991 /* Release */,
			);
			defaultConfigurationIsVisible = 0;
			defaultConfigurationName = Release;
		};
		C20D61D11C21BEE600F52991 /* Build configuration list for PBXNativeTarget "RLandAppUITests" */ = {
			isa = XCConfigurationList;
			buildConfigurations = (
				C20D61D21C21BEE600F52991 /* Debug */,
				C20D61D31C21BEE600F52991 /* Release */,
			);
			defaultConfigurationIsVisible = 0;
			defaultConfigurationName = Release;
		};
/* End XCConfigurationList section */

/* Begin XCVersionGroup section */
		C20D61AA1C21BEE500F52991 /* RLandApp.xcdatamodeld */ = {
			isa = XCVersionGroup;
			children = (
				C20D61AB1C21BEE500F52991 /* RLandApp.xcdatamodel */,
			);
			currentVersion = C20D61AB1C21BEE500F52991 /* RLandApp.xcdatamodel */;
			path = RLandApp.xcdatamodeld;
			sourceTree = "<group>";
			versionGroupType = wrapper.xcdatamodel;
		};
/* End XCVersionGroup section */
	};
	rootObject = C20D61931C21BEE500F52991 /* Project object */;
}
